{
  "originHash" : "2420213dc9155eab819f685b3897dfd5cbb394976c508a25c3f8ac0efc9b367d",
  "pins" : [
    {
      "identity" : "confettiswiftui",
      "kind" : "remoteSourceControl",
      "location" : "https://github.com/simibac/ConfettiSwiftUI.git",
      "state" : {
        "revision" : "9ae5bc2ce2149980884d4612321c3a266d6bf82c",
        "version" : "3.0.0"
      }
    },
    {
      "identity" : "effects-library",
      "kind" : "remoteSourceControl",
      "location" : "git@github.com:GetStream/effects-library.git",
      "state" : {
        "revision" : "09ebd8e7536aa6dd70a48042244524e895ccd2aa",
        "version" : "1.0.0"
      }
    }
  ],
  "version" : 3
}
