{
  "originHash" : "b4a94331095ee89f941198b69f0d834baa16e0d988f394e4d937ef5b26c58433",
  "pins" : [
    {
      "identity" : "effects-library",
      "kind" : "remoteSourceControl",
      "location" : "git@github.com:GetStream/effects-library.git",
      "state" : {
        "revision" : "09ebd8e7536aa6dd70a48042244524e895ccd2aa",
        "version" : "1.0.0"
      }
    }
  ],
  "version" : 3
}
