// !$*UTF8*$!
{
	archiveVersion = 1;
	classes = {
	};
	objectVersion = 50;
	objects = {

/* Begin PBXBuildFile section */
		610E649A2573077900C1BAD9 /* ContentView.swift in Sources */ = {isa = PBXBuildFile; fileRef = 610E64992573077900C1BAD9 /* ContentView.swift */; };
		6117E9DA2590B52300A2B475 /* PushNotificationManager.swift in Sources */ = {isa = PBXBuildFile; fileRef = 6117E9D72590B52300A2B475 /* PushNotificationManager.swift */; };
		6117E9DB2590B52300A2B475 /* UploadAPNsTokenToServer.swift in Sources */ = {isa = PBXBuildFile; fileRef = 6117E9D82590B52300A2B475 /* UploadAPNsTokenToServer.swift */; };
		6117E9E12590B65C00A2B475 /* AppDelegate.swift in Sources */ = {isa = PBXBuildFile; fileRef = 6117E9E02590B65C00A2B475 /* AppDelegate.swift */; };
		61190586256081A9007C04D3 /* Shapes.swift in Sources */ = {isa = PBXBuildFile; fileRef = 61190585256081A9007C04D3 /* Shapes.swift */; };
		61190591256081E8007C04D3 /* EnergyPriceSingleBar.swift in Sources */ = {isa = PBXBuildFile; fileRef = 61190590256081E8007C04D3 /* EnergyPriceSingleBar.swift */; };
		61190596256083FE007C04D3 /* UpdatedDataView.swift in Sources */ = {isa = PBXBuildFile; fileRef = 61190595256083FE007C04D3 /* UpdatedDataView.swift */; };
		611D15AF251680B9000691C6 /* CheapestTimeView.swift in Sources */ = {isa = PBXBuildFile; fileRef = 611D15AE251680B9000691C6 /* CheapestTimeView.swift */; };
		61200EC3253A050700A104B1 /* SplashScreenStartView.swift in Sources */ = {isa = PBXBuildFile; fileRef = 61200EC2253A050700A104B1 /* SplashScreenStartView.swift */; };
		612211442594C927003D6512 /* GetNotificationSetting.swift in Sources */ = {isa = PBXBuildFile; fileRef = 612211432594C927003D6512 /* GetNotificationSetting.swift */; };
		6122114F25951BCE003D6512 /* NotificationSettingView.swift in Sources */ = {isa = PBXBuildFile; fileRef = 6122114E25951BCE003D6512 /* NotificationSettingView.swift */; };
		6122115D25951C8E003D6512 /* PriceDropsBelowValueNotificationView.swift in Sources */ = {isa = PBXBuildFile; fileRef = 6122115C25951C8D003D6512 /* PriceDropsBelowValueNotificationView.swift */; };
		6122C061259DD42F003BE302 /* WhatsNewPage.swift in Sources */ = {isa = PBXBuildFile; fileRef = 6122C060259DD42F003BE302 /* WhatsNewPage.swift */; };
		61260069253B0AB9009E0126 /* DataDownloadAndError.swift in Sources */ = {isa = PBXBuildFile; fileRef = 61260068253B0AB9009E0126 /* DataDownloadAndError.swift */; };
		613CFF7F250CCCA500337CB2 /* GetCurrentSetting.swift in Sources */ = {isa = PBXBuildFile; fileRef = 613CFF7E250CCCA500337CB2 /* GetCurrentSetting.swift */; };
		614C55832573D421009B5241 /* UpdateDataTimeFormatter.swift in Sources */ = {isa = PBXBuildFile; fileRef = 614C55822573D421009B5241 /* UpdateDataTimeFormatter.swift */; };
		614E784D25068F6100A7ED83 /* DownloadEnergyData.swift in Sources */ = {isa = PBXBuildFile; fileRef = 614E784C25068F6100A7ED83 /* DownloadEnergyData.swift */; };
		615468532520D214004FBEF7 /* Localizable.strings in Resources */ = {isa = PBXBuildFile; fileRef = 615468552520D214004FBEF7 /* Localizable.strings */; };
		6156A573250C1F04005174A5 /* Model.xcdatamodeld in Sources */ = {isa = PBXBuildFile; fileRef = 6156A571250C1F04005174A5 /* Model.xcdatamodeld */; };
		6156A576250C1F5E005174A5 /* Setting+CoreDataClass.swift in Sources */ = {isa = PBXBuildFile; fileRef = 6156A574250C1F5E005174A5 /* Setting+CoreDataClass.swift */; };
		6156A577250C1F5E005174A5 /* Setting+CoreDataProperties.swift in Sources */ = {isa = PBXBuildFile; fileRef = 6156A575250C1F5E005174A5 /* Setting+CoreDataProperties.swift */; };
		6156A579250C2161005174A5 /* SettingsPageView.swift in Sources */ = {isa = PBXBuildFile; fileRef = 6156A578250C2161005174A5 /* SettingsPageView.swift */; };
		6164ED27258D4B8E00F706DE /* KeyboardObserver.swift in Sources */ = {isa = PBXBuildFile; fileRef = 6164ED26258D4B8E00F706DE /* KeyboardObserver.swift */; };
		6164ED3A258E11BD00F706DE /* DecimalTextFieldWithDoneButton.swift in Sources */ = {isa = PBXBuildFile; fileRef = 6164ED39258E11BD00F706DE /* DecimalTextFieldWithDoneButton.swift */; };
		6164ED42258E952F00F706DE /* TotalTimeFormatter.swift in Sources */ = {isa = PBXBuildFile; fileRef = 6164ED41258E952F00F706DE /* TotalTimeFormatter.swift */; };
		61753B6E257818DF001379B9 /* SplashScreenFeaturesAndConsent.swift in Sources */ = {isa = PBXBuildFile; fileRef = 61753B6D257818DF001379B9 /* SplashScreenFeaturesAndConsent.swift */; };
		617AD92725730AC100F905A5 /* TBItems.swift in Sources */ = {isa = PBXBuildFile; fileRef = 617AD92625730AC100F905A5 /* TBItems.swift */; };
		617D85B225052C35009E18FB /* AwattarApp.swift in Sources */ = {isa = PBXBuildFile; fileRef = 617D85B125052C35009E18FB /* AwattarApp.swift */; };
		617D85B425052C35009E18FB /* HomeView.swift in Sources */ = {isa = PBXBuildFile; fileRef = 617D85B325052C35009E18FB /* HomeView.swift */; };
		617D85B625052C37009E18FB /* Assets.xcassets in Resources */ = {isa = PBXBuildFile; fileRef = 617D85B525052C37009E18FB /* Assets.xcassets */; };
		617D85B925052C37009E18FB /* Preview Assets.xcassets in Resources */ = {isa = PBXBuildFile; fileRef = 617D85B825052C37009E18FB /* Preview Assets.xcassets */; };
		617D85C425052C37009E18FB /* AwattarAppTests.swift in Sources */ = {isa = PBXBuildFile; fileRef = 617D85C325052C37009E18FB /* AwattarAppTests.swift */; };
		617D85CF25052C37009E18FB /* AwattarAppUITests.swift in Sources */ = {isa = PBXBuildFile; fileRef = 617D85CE25052C37009E18FB /* AwattarAppUITests.swift */; };
		617DF01C2594AA1D004BF4E2 /* NotificationSetting+CoreDataClass.swift in Sources */ = {isa = PBXBuildFile; fileRef = 617DF01A2594AA1D004BF4E2 /* NotificationSetting+CoreDataClass.swift */; };
		617DF01D2594AA1D004BF4E2 /* NotificationSetting+CoreDataProperties.swift in Sources */ = {isa = PBXBuildFile; fileRef = 617DF01B2594AA1D004BF4E2 /* NotificationSetting+CoreDataProperties.swift */; };
		617DF0242594AAF5004BF4E2 /* NotificationSetting.swift in Sources */ = {isa = PBXBuildFile; fileRef = 617DF0222594AAF5004BF4E2 /* NotificationSetting.swift */; };
		617DF0332594B573004BF4E2 /* AutoUpdatingEntity.swift in Sources */ = {isa = PBXBuildFile; fileRef = 617DF0322594B573004BF4E2 /* AutoUpdatingEntity.swift */; };
		6181328C258A4AB3007FC6F2 /* SplashScreenSetupView.swift in Sources */ = {isa = PBXBuildFile; fileRef = 6181328B258A4AB3007FC6F2 /* SplashScreenSetupView.swift */; };
		61813291258A4B56007FC6F2 /* SplashScreenFinishView.swift in Sources */ = {isa = PBXBuildFile; fileRef = 61813290258A4B56007FC6F2 /* SplashScreenFinishView.swift */; };
		6184828125699DEE004F3F62 /* RegionAndVatSelection.swift in Sources */ = {isa = PBXBuildFile; fileRef = 6184828025699DEE004F3F62 /* RegionAndVatSelection.swift */; };
		618518F4258518EB00120D81 /* TabBar.swift in Sources */ = {isa = PBXBuildFile; fileRef = 618518F3258518EB00120D81 /* TabBar.swift */; };
		618A6F6E2518F8C800A8778B /* CheapestTimeResultView.swift in Sources */ = {isa = PBXBuildFile; fileRef = 618A6F6D2518F8C800A8778B /* CheapestTimeResultView.swift */; };
		618AF8502593E94100E21583 /* GlobalAppSettings.swift in Sources */ = {isa = PBXBuildFile; fileRef = 618AF84F2593E94100E21583 /* GlobalAppSettings.swift */; };
		618AF8622593F82600E21583 /* CurrentSetting.swift in Sources */ = {isa = PBXBuildFile; fileRef = 618AF8612593F82600E21583 /* CurrentSetting.swift */; };
		6191FF8F258D0CAF00C31D63 /* NotAffiliatedView.swift in Sources */ = {isa = PBXBuildFile; fileRef = 6191FF8E258D0CAF00C31D63 /* NotAffiliatedView.swift */; };
		6198BD4B254C7F7100356A0F /* TimeRangeInputField.swift in Sources */ = {isa = PBXBuildFile; fileRef = 6198BD4A254C7F7100356A0F /* TimeRangeInputField.swift */; };
		6198BD53254C7FA700356A0F /* TotalConsumptionInputField.swift in Sources */ = {isa = PBXBuildFile; fileRef = 6198BD52254C7FA700356A0F /* TotalConsumptionInputField.swift */; };
		6198BD5B254C7FD700356A0F /* PowerInputField.swift in Sources */ = {isa = PBXBuildFile; fileRef = 6198BD5A254C7FD700356A0F /* PowerInputField.swift */; };
		61AA2D5E254DA4CD00C13D42 /* CustomInsetGroupedList.swift in Sources */ = {isa = PBXBuildFile; fileRef = 61AA2D5D254DA4CD00C13D42 /* CustomInsetGroupedList.swift */; };
		61B214B225881CCF00DC1499 /* AgreementSettingView.swift in Sources */ = {isa = PBXBuildFile; fileRef = 61B214B125881CCF00DC1499 /* AgreementSettingView.swift */; };
		61B9F61A2598EB0200C14690 /* BarText.swift in Sources */ = {isa = PBXBuildFile; fileRef = 61B9F6192598EB0200C14690 /* BarText.swift */; };
		61BA0A542548467F00951321 /* HelpAndSuggestionView.swift in Sources */ = {isa = PBXBuildFile; fileRef = 61BA0A532548467F00951321 /* HelpAndSuggestionView.swift */; };
		61BA0A592548764400951321 /* MailView.swift in Sources */ = {isa = PBXBuildFile; fileRef = 61BA0A582548764400951321 /* MailView.swift */; };
		61C963A7251E2032001B3E3C /* CheapestTimeClockView.swift in Sources */ = {isa = PBXBuildFile; fileRef = 61C963A6251E2032001B3E3C /* CheapestTimeClockView.swift */; };
		61D196E52507F58D00E57BAC /* EnergyPriceGraph.swift in Sources */ = {isa = PBXBuildFile; fileRef = 61D196E42507F58D00E57BAC /* EnergyPriceGraph.swift */; };
		61D57125256DAA2300EA69C7 /* CustomDatePicker.swift in Sources */ = {isa = PBXBuildFile; fileRef = 61D57124256DAA2300EA69C7 /* CustomDatePicker.swift */; };
		61D6F8792517834400027FD1 /* TimeIntervalPicker.swift in Sources */ = {isa = PBXBuildFile; fileRef = 61D6F8782517834400027FD1 /* TimeIntervalPicker.swift */; };
		61D6F8882517AD5500027FD1 /* ButtonStyles.swift in Sources */ = {isa = PBXBuildFile; fileRef = 61D6F8872517AD5500027FD1 /* ButtonStyles.swift */; };
		61D88C0B2545EF9800DA2088 /* Extensions.swift in Sources */ = {isa = PBXBuildFile; fileRef = 61D88C0A2545EF9800DA2088 /* Extensions.swift */; };
		61E2DFD7254214B100473E20 /* CheapestHourManager.swift in Sources */ = {isa = PBXBuildFile; fileRef = 61E2DFD6254214B100473E20 /* CheapestHourManager.swift */; };
		61EC1C08254B41D800324ADA /* AwattarTariffSelectionSettings.swift in Sources */ = {isa = PBXBuildFile; fileRef = 61EC1C07254B41D800324ADA /* AwattarTariffSelectionSettings.swift */; };
		61EC1C12254B425B00324ADA /* AppVersionView.swift in Sources */ = {isa = PBXBuildFile; fileRef = 61EC1C11254B425B00324ADA /* AppVersionView.swift */; };
		61F983FA2545BC4600A253CC /* Launch Screen.storyboard in Resources */ = {isa = PBXBuildFile; fileRef = 61F983F92545BC4600A253CC /* Launch Screen.storyboard */; };
/* End PBXBuildFile section */

/* Begin PBXContainerItemProxy section */
		617D85C025052C37009E18FB /* PBXContainerItemProxy */ = {
			isa = PBXContainerItemProxy;
			containerPortal = 617D85A625052C35009E18FB /* Project object */;
			proxyType = 1;
			remoteGlobalIDString = 617D85AD25052C35009E18FB;
			remoteInfo = AwattarApp;
		};
		617D85CB25052C37009E18FB /* PBXContainerItemProxy */ = {
			isa = PBXContainerItemProxy;
			containerPortal = 617D85A625052C35009E18FB /* Project object */;
			proxyType = 1;
			remoteGlobalIDString = 617D85AD25052C35009E18FB;
			remoteInfo = AwattarApp;
		};
/* End PBXContainerItemProxy section */

/* Begin PBXFileReference section */
		610E64992573077900C1BAD9 /* ContentView.swift */ = {isa = PBXFileReference; lastKnownFileType = sourcecode.swift; path = ContentView.swift; sourceTree = "<group>"; };
		6117E9D72590B52300A2B475 /* PushNotificationManager.swift */ = {isa = PBXFileReference; fileEncoding = 4; lastKnownFileType = sourcecode.swift; path = PushNotificationManager.swift; sourceTree = "<group>"; };
		6117E9D82590B52300A2B475 /* UploadAPNsTokenToServer.swift */ = {isa = PBXFileReference; fileEncoding = 4; lastKnownFileType = sourcecode.swift; path = UploadAPNsTokenToServer.swift; sourceTree = "<group>"; };
		6117E9E02590B65C00A2B475 /* AppDelegate.swift */ = {isa = PBXFileReference; fileEncoding = 4; lastKnownFileType = sourcecode.swift; path = AppDelegate.swift; sourceTree = "<group>"; };
		61190585256081A9007C04D3 /* Shapes.swift */ = {isa = PBXFileReference; lastKnownFileType = sourcecode.swift; path = Shapes.swift; sourceTree = "<group>"; };
		61190590256081E8007C04D3 /* EnergyPriceSingleBar.swift */ = {isa = PBXFileReference; lastKnownFileType = sourcecode.swift; path = EnergyPriceSingleBar.swift; sourceTree = "<group>"; };
		61190595256083FE007C04D3 /* UpdatedDataView.swift */ = {isa = PBXFileReference; lastKnownFileType = sourcecode.swift; path = UpdatedDataView.swift; sourceTree = "<group>"; };
		611D15AE251680B9000691C6 /* CheapestTimeView.swift */ = {isa = PBXFileReference; lastKnownFileType = sourcecode.swift; path = CheapestTimeView.swift; sourceTree = "<group>"; };
		61200EC2253A050700A104B1 /* SplashScreenStartView.swift */ = {isa = PBXFileReference; lastKnownFileType = sourcecode.swift; path = SplashScreenStartView.swift; sourceTree = "<group>"; };
		612211432594C927003D6512 /* GetNotificationSetting.swift */ = {isa = PBXFileReference; lastKnownFileType = sourcecode.swift; path = GetNotificationSetting.swift; sourceTree = "<group>"; };
		6122114E25951BCE003D6512 /* NotificationSettingView.swift */ = {isa = PBXFileReference; lastKnownFileType = sourcecode.swift; path = NotificationSettingView.swift; sourceTree = "<group>"; };
		6122115C25951C8D003D6512 /* PriceDropsBelowValueNotificationView.swift */ = {isa = PBXFileReference; lastKnownFileType = sourcecode.swift; path = PriceDropsBelowValueNotificationView.swift; sourceTree = "<group>"; };
		6122C046259DCB61003BE302 /* Model 2.xcdatamodel */ = {isa = PBXFileReference; lastKnownFileType = wrapper.xcdatamodel; path = "Model 2.xcdatamodel"; sourceTree = "<group>"; };
		6122C060259DD42F003BE302 /* WhatsNewPage.swift */ = {isa = PBXFileReference; lastKnownFileType = sourcecode.swift; path = WhatsNewPage.swift; sourceTree = "<group>"; };
		61260068253B0AB9009E0126 /* DataDownloadAndError.swift */ = {isa = PBXFileReference; lastKnownFileType = sourcecode.swift; path = DataDownloadAndError.swift; sourceTree = "<group>"; };
		613CFF7E250CCCA500337CB2 /* GetCurrentSetting.swift */ = {isa = PBXFileReference; lastKnownFileType = sourcecode.swift; path = GetCurrentSetting.swift; sourceTree = "<group>"; };
		614C55822573D421009B5241 /* UpdateDataTimeFormatter.swift */ = {isa = PBXFileReference; lastKnownFileType = sourcecode.swift; path = UpdateDataTimeFormatter.swift; sourceTree = "<group>"; };
		614E76CC258F65680097EF9B /* AWattPrice.entitlements */ = {isa = PBXFileReference; lastKnownFileType = text.plist.entitlements; path = AWattPrice.entitlements; sourceTree = "<group>"; };
		614E784C25068F6100A7ED83 /* DownloadEnergyData.swift */ = {isa = PBXFileReference; lastKnownFileType = sourcecode.swift; path = DownloadEnergyData.swift; sourceTree = "<group>"; };
		615468542520D214004FBEF7 /* en */ = {isa = PBXFileReference; lastKnownFileType = text.plist.strings; name = en; path = en.lproj/Localizable.strings; sourceTree = "<group>"; };
		615468592520D223004FBEF7 /* de */ = {isa = PBXFileReference; lastKnownFileType = text.plist.strings; name = de; path = de.lproj/Localizable.strings; sourceTree = "<group>"; };
		6156A572250C1F04005174A5 /* Model.xcdatamodel */ = {isa = PBXFileReference; lastKnownFileType = wrapper.xcdatamodel; path = Model.xcdatamodel; sourceTree = "<group>"; };
		6156A574250C1F5E005174A5 /* Setting+CoreDataClass.swift */ = {isa = PBXFileReference; lastKnownFileType = sourcecode.swift; path = "Setting+CoreDataClass.swift"; sourceTree = "<group>"; };
		6156A575250C1F5E005174A5 /* Setting+CoreDataProperties.swift */ = {isa = PBXFileReference; lastKnownFileType = sourcecode.swift; path = "Setting+CoreDataProperties.swift"; sourceTree = "<group>"; };
		6156A578250C2161005174A5 /* SettingsPageView.swift */ = {isa = PBXFileReference; lastKnownFileType = sourcecode.swift; path = SettingsPageView.swift; sourceTree = "<group>"; };
		6164ED26258D4B8E00F706DE /* KeyboardObserver.swift */ = {isa = PBXFileReference; lastKnownFileType = sourcecode.swift; path = KeyboardObserver.swift; sourceTree = "<group>"; };
		6164ED39258E11BD00F706DE /* DecimalTextFieldWithDoneButton.swift */ = {isa = PBXFileReference; lastKnownFileType = sourcecode.swift; path = DecimalTextFieldWithDoneButton.swift; sourceTree = "<group>"; };
		6164ED41258E952F00F706DE /* TotalTimeFormatter.swift */ = {isa = PBXFileReference; lastKnownFileType = sourcecode.swift; path = TotalTimeFormatter.swift; sourceTree = "<group>"; };
		61753B6D257818DF001379B9 /* SplashScreenFeaturesAndConsent.swift */ = {isa = PBXFileReference; fileEncoding = 4; lastKnownFileType = sourcecode.swift; path = SplashScreenFeaturesAndConsent.swift; sourceTree = "<group>"; };
		617AD92625730AC100F905A5 /* TBItems.swift */ = {isa = PBXFileReference; lastKnownFileType = sourcecode.swift; path = TBItems.swift; sourceTree = "<group>"; };
		617D85AE25052C35009E18FB /* AWattPrice.app */ = {isa = PBXFileReference; explicitFileType = wrapper.application; includeInIndex = 0; path = AWattPrice.app; sourceTree = BUILT_PRODUCTS_DIR; };
		617D85B125052C35009E18FB /* AwattarApp.swift */ = {isa = PBXFileReference; lastKnownFileType = sourcecode.swift; path = AwattarApp.swift; sourceTree = "<group>"; };
		617D85B325052C35009E18FB /* HomeView.swift */ = {isa = PBXFileReference; lastKnownFileType = sourcecode.swift; path = HomeView.swift; sourceTree = "<group>"; };
		617D85B525052C37009E18FB /* Assets.xcassets */ = {isa = PBXFileReference; lastKnownFileType = folder.assetcatalog; path = Assets.xcassets; sourceTree = "<group>"; };
		617D85B825052C37009E18FB /* Preview Assets.xcassets */ = {isa = PBXFileReference; lastKnownFileType = folder.assetcatalog; path = "Preview Assets.xcassets"; sourceTree = "<group>"; };
		617D85BA25052C37009E18FB /* Info.plist */ = {isa = PBXFileReference; lastKnownFileType = text.plist.xml; path = Info.plist; sourceTree = "<group>"; };
		617D85BF25052C37009E18FB /* AwattarAppTests.xctest */ = {isa = PBXFileReference; explicitFileType = wrapper.cfbundle; includeInIndex = 0; path = AwattarAppTests.xctest; sourceTree = BUILT_PRODUCTS_DIR; };
		617D85C325052C37009E18FB /* AwattarAppTests.swift */ = {isa = PBXFileReference; lastKnownFileType = sourcecode.swift; path = AwattarAppTests.swift; sourceTree = "<group>"; };
		617D85C525052C37009E18FB /* Info.plist */ = {isa = PBXFileReference; lastKnownFileType = text.plist.xml; path = Info.plist; sourceTree = "<group>"; };
		617D85CA25052C37009E18FB /* AwattarAppUITests.xctest */ = {isa = PBXFileReference; explicitFileType = wrapper.cfbundle; includeInIndex = 0; path = AwattarAppUITests.xctest; sourceTree = BUILT_PRODUCTS_DIR; };
		617D85CE25052C37009E18FB /* AwattarAppUITests.swift */ = {isa = PBXFileReference; lastKnownFileType = sourcecode.swift; path = AwattarAppUITests.swift; sourceTree = "<group>"; };
		617D85D025052C37009E18FB /* Info.plist */ = {isa = PBXFileReference; lastKnownFileType = text.plist.xml; path = Info.plist; sourceTree = "<group>"; };
		617DF01A2594AA1D004BF4E2 /* NotificationSetting+CoreDataClass.swift */ = {isa = PBXFileReference; lastKnownFileType = sourcecode.swift; path = "NotificationSetting+CoreDataClass.swift"; sourceTree = "<group>"; };
		617DF01B2594AA1D004BF4E2 /* NotificationSetting+CoreDataProperties.swift */ = {isa = PBXFileReference; lastKnownFileType = sourcecode.swift; path = "NotificationSetting+CoreDataProperties.swift"; sourceTree = "<group>"; };
		617DF0222594AAF5004BF4E2 /* NotificationSetting.swift */ = {isa = PBXFileReference; fileEncoding = 4; lastKnownFileType = sourcecode.swift; path = NotificationSetting.swift; sourceTree = "<group>"; };
		617DF0322594B573004BF4E2 /* AutoUpdatingEntity.swift */ = {isa = PBXFileReference; lastKnownFileType = sourcecode.swift; path = AutoUpdatingEntity.swift; sourceTree = "<group>"; };
		6181328B258A4AB3007FC6F2 /* SplashScreenSetupView.swift */ = {isa = PBXFileReference; lastKnownFileType = sourcecode.swift; path = SplashScreenSetupView.swift; sourceTree = "<group>"; };
		61813290258A4B56007FC6F2 /* SplashScreenFinishView.swift */ = {isa = PBXFileReference; lastKnownFileType = sourcecode.swift; path = SplashScreenFinishView.swift; sourceTree = "<group>"; };
		6184828025699DEE004F3F62 /* RegionAndVatSelection.swift */ = {isa = PBXFileReference; lastKnownFileType = sourcecode.swift; path = RegionAndVatSelection.swift; sourceTree = "<group>"; };
		618518F3258518EB00120D81 /* TabBar.swift */ = {isa = PBXFileReference; lastKnownFileType = sourcecode.swift; path = TabBar.swift; sourceTree = "<group>"; };
		618A6F6D2518F8C800A8778B /* CheapestTimeResultView.swift */ = {isa = PBXFileReference; lastKnownFileType = sourcecode.swift; path = CheapestTimeResultView.swift; sourceTree = "<group>"; };
		618AF8052593DB6800E21583 /* Development.xcconfig */ = {isa = PBXFileReference; lastKnownFileType = text.xcconfig; path = Development.xcconfig; sourceTree = "<group>"; };
		618AF8062593DB8500E21583 /* Production.xcconfig */ = {isa = PBXFileReference; lastKnownFileType = text.xcconfig; path = Production.xcconfig; sourceTree = "<group>"; };
		618AF84F2593E94100E21583 /* GlobalAppSettings.swift */ = {isa = PBXFileReference; lastKnownFileType = sourcecode.swift; path = GlobalAppSettings.swift; sourceTree = "<group>"; };
		618AF8612593F82600E21583 /* CurrentSetting.swift */ = {isa = PBXFileReference; lastKnownFileType = sourcecode.swift; path = CurrentSetting.swift; sourceTree = "<group>"; };
		6191FF8E258D0CAF00C31D63 /* NotAffiliatedView.swift */ = {isa = PBXFileReference; lastKnownFileType = sourcecode.swift; path = NotAffiliatedView.swift; sourceTree = "<group>"; };
		6198BD4A254C7F7100356A0F /* TimeRangeInputField.swift */ = {isa = PBXFileReference; lastKnownFileType = sourcecode.swift; path = TimeRangeInputField.swift; sourceTree = "<group>"; };
		6198BD52254C7FA700356A0F /* TotalConsumptionInputField.swift */ = {isa = PBXFileReference; lastKnownFileType = sourcecode.swift; path = TotalConsumptionInputField.swift; sourceTree = "<group>"; };
		6198BD5A254C7FD700356A0F /* PowerInputField.swift */ = {isa = PBXFileReference; lastKnownFileType = sourcecode.swift; path = PowerInputField.swift; sourceTree = "<group>"; };
		61AA2D5D254DA4CD00C13D42 /* CustomInsetGroupedList.swift */ = {isa = PBXFileReference; lastKnownFileType = sourcecode.swift; path = CustomInsetGroupedList.swift; sourceTree = "<group>"; };
		61B214B125881CCF00DC1499 /* AgreementSettingView.swift */ = {isa = PBXFileReference; lastKnownFileType = sourcecode.swift; path = AgreementSettingView.swift; sourceTree = "<group>"; };
		61B9F6192598EB0200C14690 /* BarText.swift */ = {isa = PBXFileReference; lastKnownFileType = sourcecode.swift; path = BarText.swift; sourceTree = "<group>"; };
		61BA0A532548467F00951321 /* HelpAndSuggestionView.swift */ = {isa = PBXFileReference; lastKnownFileType = sourcecode.swift; path = HelpAndSuggestionView.swift; sourceTree = "<group>"; };
		61BA0A582548764400951321 /* MailView.swift */ = {isa = PBXFileReference; lastKnownFileType = sourcecode.swift; path = MailView.swift; sourceTree = "<group>"; };
		61C963A6251E2032001B3E3C /* CheapestTimeClockView.swift */ = {isa = PBXFileReference; lastKnownFileType = sourcecode.swift; path = CheapestTimeClockView.swift; sourceTree = "<group>"; };
		61D196E42507F58D00E57BAC /* EnergyPriceGraph.swift */ = {isa = PBXFileReference; lastKnownFileType = sourcecode.swift; path = EnergyPriceGraph.swift; sourceTree = "<group>"; };
		61D57124256DAA2300EA69C7 /* CustomDatePicker.swift */ = {isa = PBXFileReference; lastKnownFileType = sourcecode.swift; path = CustomDatePicker.swift; sourceTree = "<group>"; };
		61D6F8782517834400027FD1 /* TimeIntervalPicker.swift */ = {isa = PBXFileReference; lastKnownFileType = sourcecode.swift; path = TimeIntervalPicker.swift; sourceTree = "<group>"; };
		61D6F8872517AD5500027FD1 /* ButtonStyles.swift */ = {isa = PBXFileReference; lastKnownFileType = sourcecode.swift; path = ButtonStyles.swift; sourceTree = "<group>"; };
		61D88C0A2545EF9800DA2088 /* Extensions.swift */ = {isa = PBXFileReference; lastKnownFileType = sourcecode.swift; path = Extensions.swift; sourceTree = "<group>"; };
		61E2DFD6254214B100473E20 /* CheapestHourManager.swift */ = {isa = PBXFileReference; lastKnownFileType = sourcecode.swift; path = CheapestHourManager.swift; sourceTree = "<group>"; };
		61EC1C07254B41D800324ADA /* AwattarTariffSelectionSettings.swift */ = {isa = PBXFileReference; lastKnownFileType = sourcecode.swift; path = AwattarTariffSelectionSettings.swift; sourceTree = "<group>"; };
		61EC1C11254B425B00324ADA /* AppVersionView.swift */ = {isa = PBXFileReference; lastKnownFileType = sourcecode.swift; path = AppVersionView.swift; sourceTree = "<group>"; };
		61F983F92545BC4600A253CC /* Launch Screen.storyboard */ = {isa = PBXFileReference; lastKnownFileType = file.storyboard; path = "Launch Screen.storyboard"; sourceTree = "<group>"; };
/* End PBXFileReference section */

/* Begin PBXFrameworksBuildPhase section */
		617D85AB25052C35009E18FB /* Frameworks */ = {
			isa = PBXFrameworksBuildPhase;
			buildActionMask = 2147483647;
			files = (
			);
			runOnlyForDeploymentPostprocessing = 0;
		};
		617D85BC25052C37009E18FB /* Frameworks */ = {
			isa = PBXFrameworksBuildPhase;
			buildActionMask = 2147483647;
			files = (
			);
			runOnlyForDeploymentPostprocessing = 0;
		};
		617D85C725052C37009E18FB /* Frameworks */ = {
			isa = PBXFrameworksBuildPhase;
			buildActionMask = 2147483647;
			files = (
			);
			runOnlyForDeploymentPostprocessing = 0;
		};
/* End PBXFrameworksBuildPhase section */

/* Begin PBXGroup section */
		610E64982573075600C1BAD9 /* TabBar */ = {
			isa = PBXGroup;
			children = (
				618518F3258518EB00120D81 /* TabBar.swift */,
				617AD92625730AC100F905A5 /* TBItems.swift */,
			);
			path = TabBar;
			sourceTree = "<group>";
		};
		6117E9D62590B52300A2B475 /* Push Notifications */ = {
			isa = PBXGroup;
			children = (
				6117E9D72590B52300A2B475 /* PushNotificationManager.swift */,
				6117E9D82590B52300A2B475 /* UploadAPNsTokenToServer.swift */,
			);
			path = "Push Notifications";
			sourceTree = "<group>";
		};
		6119058425608174007C04D3 /* Energy Price Graph */ = {
			isa = PBXGroup;
			children = (
				61B9F6182598EAE100C14690 /* Single Bar */,
				61D196E42507F58D00E57BAC /* EnergyPriceGraph.swift */,
				61190585256081A9007C04D3 /* Shapes.swift */,
				61190595256083FE007C04D3 /* UpdatedDataView.swift */,
			);
			path = "Energy Price Graph";
			sourceTree = "<group>";
		};
		61200EC1253A04E600A104B1 /* SplashScreens */ = {
			isa = PBXGroup;
			children = (
				61200EC2253A050700A104B1 /* SplashScreenStartView.swift */,
				61753B6D257818DF001379B9 /* SplashScreenFeaturesAndConsent.swift */,
				6181328B258A4AB3007FC6F2 /* SplashScreenSetupView.swift */,
				61813290258A4B56007FC6F2 /* SplashScreenFinishView.swift */,
				6122C060259DD42F003BE302 /* WhatsNewPage.swift */,
			);
			path = SplashScreens;
			sourceTree = "<group>";
		};
		6122115325951BE1003D6512 /* Other */ = {
			isa = PBXGroup;
			children = (
				61B214B125881CCF00DC1499 /* AgreementSettingView.swift */,
				6191FF8E258D0CAF00C31D63 /* NotAffiliatedView.swift */,
				61EC1C11254B425B00324ADA /* AppVersionView.swift */,
			);
			path = Other;
			sourceTree = "<group>";
		};
		6122115425951BF2003D6512 /* Help and Suggestion */ = {
			isa = PBXGroup;
			children = (
				61BA0A532548467F00951321 /* HelpAndSuggestionView.swift */,
				61BA0A582548764400951321 /* MailView.swift */,
			);
			path = "Help and Suggestion";
			sourceTree = "<group>";
		};
		61260071253B22C4009E0126 /* Styles */ = {
			isa = PBXGroup;
			children = (
				61D6F8872517AD5500027FD1 /* ButtonStyles.swift */,
			);
			path = Styles;
			sourceTree = "<group>";
		};
		614E784B25068E0600A7ED83 /* Data */ = {
			isa = PBXGroup;
			children = (
				6117E9E02590B65C00A2B475 /* AppDelegate.swift */,
				617DF0322594B573004BF4E2 /* AutoUpdatingEntity.swift */,
				618AF8602593F81700E21583 /* Setting */,
				614E784C25068F6100A7ED83 /* DownloadEnergyData.swift */,
				61E2DFD6254214B100473E20 /* CheapestHourManager.swift */,
				6117E9D62590B52300A2B475 /* Push Notifications */,
			);
			path = Data;
			sourceTree = "<group>";
		};
		61504CFC250FF46D00EF41D6 /* Sub Views */ = {
			isa = PBXGroup;
			children = (
				610E64982573075600C1BAD9 /* TabBar */,
				618518E72585060F00120D81 /* Data Error */,
				6119058425608174007C04D3 /* Energy Price Graph */,
				6198BD49254C7F4C00356A0F /* Cheapest Time */,
				61EC1BFE254B419500324ADA /* Setting Views */,
				6122115325951BE1003D6512 /* Other */,
			);
			path = "Sub Views";
			sourceTree = "<group>";
		};
		616836BF259A4D6F00E91748 /* Input fields */ = {
			isa = PBXGroup;
			children = (
				6198BD5A254C7FD700356A0F /* PowerInputField.swift */,
				6198BD52254C7FA700356A0F /* TotalConsumptionInputField.swift */,
				6198BD4A254C7F7100356A0F /* TimeRangeInputField.swift */,
			);
			path = "Input fields";
			sourceTree = "<group>";
		};
		616836C3259A4DB400E91748 /* Formatter */ = {
			isa = PBXGroup;
			children = (
				6164ED41258E952F00F706DE /* TotalTimeFormatter.swift */,
				614C55822573D421009B5241 /* UpdateDataTimeFormatter.swift */,
			);
			path = Formatter;
			sourceTree = "<group>";
		};
		616836C4259A4DC600E91748 /* Custom default views  */ = {
			isa = PBXGroup;
			children = (
				61AA2D5D254DA4CD00C13D42 /* CustomInsetGroupedList.swift */,
				6164ED39258E11BD00F706DE /* DecimalTextFieldWithDoneButton.swift */,
				61D57124256DAA2300EA69C7 /* CustomDatePicker.swift */,
			);
			path = "Custom default views ";
			sourceTree = "<group>";
		};
		617D85A525052C35009E18FB = {
			isa = PBXGroup;
			children = (
				617D85B025052C35009E18FB /* AWattPrice */,
				617D85C225052C37009E18FB /* AWattPriceAppTests */,
				617D85CD25052C37009E18FB /* AWattPriceAppUITests */,
				617D85AF25052C35009E18FB /* Products */,
			);
			sourceTree = "<group>";
		};
		617D85AF25052C35009E18FB /* Products */ = {
			isa = PBXGroup;
			children = (
				617D85AE25052C35009E18FB /* AWattPrice.app */,
				617D85BF25052C37009E18FB /* AwattarAppTests.xctest */,
				617D85CA25052C37009E18FB /* AwattarAppUITests.xctest */,
			);
			name = Products;
			sourceTree = "<group>";
		};
		617D85B025052C35009E18FB /* AWattPrice */ = {
			isa = PBXGroup;
			children = (
				614E76CC258F65680097EF9B /* AWattPrice.entitlements */,
				618518E82585062F00120D81 /* CoreData */,
				6184828825699E33004F3F62 /* Extensions */,
				61260071253B22C4009E0126 /* Styles */,
				61200EC1253A04E600A104B1 /* SplashScreens */,
				614E784B25068E0600A7ED83 /* Data */,
				61504CFC250FF46D00EF41D6 /* Sub Views */,
				618518DC2585057A00120D81 /* Main Views */,
				617D85B125052C35009E18FB /* AwattarApp.swift */,
				610E64992573077900C1BAD9 /* ContentView.swift */,
				618AF8042593DB0D00E21583 /* Resources */,
				618AF8032593DAF600E21583 /* Configs */,
				617D85B725052C37009E18FB /* Preview Content */,
			);
			path = AWattPrice;
			sourceTree = "<group>";
		};
		617D85B725052C37009E18FB /* Preview Content */ = {
			isa = PBXGroup;
			children = (
				617D85B825052C37009E18FB /* Preview Assets.xcassets */,
			);
			path = "Preview Content";
			sourceTree = "<group>";
		};
		617D85C225052C37009E18FB /* AWattPriceAppTests */ = {
			isa = PBXGroup;
			children = (
				617D85C325052C37009E18FB /* AwattarAppTests.swift */,
				617D85C525052C37009E18FB /* Info.plist */,
			);
			path = AWattPriceAppTests;
			sourceTree = "<group>";
		};
		617D85CD25052C37009E18FB /* AWattPriceAppUITests */ = {
			isa = PBXGroup;
			children = (
				617D85CE25052C37009E18FB /* AwattarAppUITests.swift */,
				617D85D025052C37009E18FB /* Info.plist */,
			);
			path = AWattPriceAppUITests;
			sourceTree = "<group>";
		};
		617DF0212594AAD8004BF4E2 /* Setting Entitys */ = {
			isa = PBXGroup;
			children = (
				618AF8612593F82600E21583 /* CurrentSetting.swift */,
				613CFF7E250CCCA500337CB2 /* GetCurrentSetting.swift */,
				617DF0222594AAF5004BF4E2 /* NotificationSetting.swift */,
				612211432594C927003D6512 /* GetNotificationSetting.swift */,
			);
			path = "Setting Entitys";
			sourceTree = "<group>";
		};
		6184828825699E33004F3F62 /* Extensions */ = {
			isa = PBXGroup;
			children = (
				616836C4259A4DC600E91748 /* Custom default views  */,
				616836C3259A4DB400E91748 /* Formatter */,
				61D88C0A2545EF9800DA2088 /* Extensions.swift */,
				6164ED26258D4B8E00F706DE /* KeyboardObserver.swift */,
			);
			path = Extensions;
			sourceTree = "<group>";
		};
		618518DC2585057A00120D81 /* Main Views */ = {
			isa = PBXGroup;
			children = (
				617D85B325052C35009E18FB /* HomeView.swift */,
				611D15AE251680B9000691C6 /* CheapestTimeView.swift */,
				618A6F6D2518F8C800A8778B /* CheapestTimeResultView.swift */,
				6156A578250C2161005174A5 /* SettingsPageView.swift */,
			);
			path = "Main Views";
			sourceTree = "<group>";
		};
		618518E72585060F00120D81 /* Data Error */ = {
			isa = PBXGroup;
			children = (
				61260068253B0AB9009E0126 /* DataDownloadAndError.swift */,
			);
			path = "Data Error";
			sourceTree = "<group>";
		};
		618518E82585062F00120D81 /* CoreData */ = {
			isa = PBXGroup;
			children = (
				617DF01B2594AA1D004BF4E2 /* NotificationSetting+CoreDataProperties.swift */,
				617DF01A2594AA1D004BF4E2 /* NotificationSetting+CoreDataClass.swift */,
				6156A575250C1F5E005174A5 /* Setting+CoreDataProperties.swift */,
				6156A574250C1F5E005174A5 /* Setting+CoreDataClass.swift */,
				6156A571250C1F04005174A5 /* Model.xcdatamodeld */,
			);
			path = CoreData;
			sourceTree = "<group>";
		};
		618AF8032593DAF600E21583 /* Configs */ = {
			isa = PBXGroup;
			children = (
				617D85BA25052C37009E18FB /* Info.plist */,
				618AF84F2593E94100E21583 /* GlobalAppSettings.swift */,
				618AF8052593DB6800E21583 /* Development.xcconfig */,
				618AF8062593DB8500E21583 /* Production.xcconfig */,
			);
			path = Configs;
			sourceTree = "<group>";
		};
		618AF8042593DB0D00E21583 /* Resources */ = {
			isa = PBXGroup;
			children = (
				61F983F92545BC4600A253CC /* Launch Screen.storyboard */,
				617D85B525052C37009E18FB /* Assets.xcassets */,
				615468552520D214004FBEF7 /* Localizable.strings */,
			);
			path = Resources;
			sourceTree = "<group>";
		};
		618AF8602593F81700E21583 /* Setting */ = {
			isa = PBXGroup;
			children = (
				617DF0212594AAD8004BF4E2 /* Setting Entitys */,
			);
			path = Setting;
			sourceTree = "<group>";
		};
		6198BD49254C7F4C00356A0F /* Cheapest Time */ = {
			isa = PBXGroup;
			children = (
				616836BF259A4D6F00E91748 /* Input fields */,
				61D6F8782517834400027FD1 /* TimeIntervalPicker.swift */,
				61C963A6251E2032001B3E3C /* CheapestTimeClockView.swift */,
			);
			path = "Cheapest Time";
			sourceTree = "<group>";
		};
		61B9F6182598EAE100C14690 /* Single Bar */ = {
			isa = PBXGroup;
			children = (
				61190590256081E8007C04D3 /* EnergyPriceSingleBar.swift */,
				61B9F6192598EB0200C14690 /* BarText.swift */,
			);
			path = "Single Bar";
			sourceTree = "<group>";
		};
		61EC1BFE254B419500324ADA /* Setting Views */ = {
			isa = PBXGroup;
			children = (
				61EE10A825940E240025A599 /* Push Notification */,
				6184828025699DEE004F3F62 /* RegionAndVatSelection.swift */,
				61EC1C07254B41D800324ADA /* AwattarTariffSelectionSettings.swift */,
				6122115425951BF2003D6512 /* Help and Suggestion */,
			);
			path = "Setting Views";
			sourceTree = "<group>";
		};
		61EE10A825940E240025A599 /* Push Notification */ = {
			isa = PBXGroup;
			children = (
				6122115C25951C8D003D6512 /* PriceDropsBelowValueNotificationView.swift */,
				6122114E25951BCE003D6512 /* NotificationSettingView.swift */,
			);
			path = "Push Notification";
			sourceTree = "<group>";
		};
/* End PBXGroup section */

/* Begin PBXNativeTarget section */
		617D85AD25052C35009E18FB /* AWattPrice */ = {
			isa = PBXNativeTarget;
			buildConfigurationList = 617D85D325052C37009E18FB /* Build configuration list for PBXNativeTarget "AWattPrice" */;
			buildPhases = (
				617D85AA25052C35009E18FB /* Sources */,
				617D85AB25052C35009E18FB /* Frameworks */,
				617D85AC25052C35009E18FB /* Resources */,
			);
			buildRules = (
			);
			dependencies = (
			);
			name = AWattPrice;
			productName = AwattarApp;
			productReference = 617D85AE25052C35009E18FB /* AWattPrice.app */;
			productType = "com.apple.product-type.application";
		};
		617D85BE25052C37009E18FB /* AwattarAppTests */ = {
			isa = PBXNativeTarget;
			buildConfigurationList = 617D85D625052C37009E18FB /* Build configuration list for PBXNativeTarget "AwattarAppTests" */;
			buildPhases = (
				617D85BB25052C37009E18FB /* Sources */,
				617D85BC25052C37009E18FB /* Frameworks */,
				617D85BD25052C37009E18FB /* Resources */,
			);
			buildRules = (
			);
			dependencies = (
				617D85C125052C37009E18FB /* PBXTargetDependency */,
			);
			name = AwattarAppTests;
			productName = AwattarAppTests;
			productReference = 617D85BF25052C37009E18FB /* AwattarAppTests.xctest */;
			productType = "com.apple.product-type.bundle.unit-test";
		};
		617D85C925052C37009E18FB /* AwattarAppUITests */ = {
			isa = PBXNativeTarget;
			buildConfigurationList = 617D85D925052C37009E18FB /* Build configuration list for PBXNativeTarget "AwattarAppUITests" */;
			buildPhases = (
				617D85C625052C37009E18FB /* Sources */,
				617D85C725052C37009E18FB /* Frameworks */,
				617D85C825052C37009E18FB /* Resources */,
			);
			buildRules = (
			);
			dependencies = (
				617D85CC25052C37009E18FB /* PBXTargetDependency */,
			);
			name = AwattarAppUITests;
			productName = AwattarAppUITests;
			productReference = 617D85CA25052C37009E18FB /* AwattarAppUITests.xctest */;
			productType = "com.apple.product-type.bundle.ui-testing";
		};
/* End PBXNativeTarget section */

/* Begin PBXProject section */
		617D85A625052C35009E18FB /* Project object */ = {
			isa = PBXProject;
			attributes = {
				LastSwiftUpdateCheck = 1200;
				LastUpgradeCheck = 1200;
				TargetAttributes = {
					617D85AD25052C35009E18FB = {
						CreatedOnToolsVersion = 12.0;
					};
					617D85BE25052C37009E18FB = {
						CreatedOnToolsVersion = 12.0;
						TestTargetID = 617D85AD25052C35009E18FB;
					};
					617D85C925052C37009E18FB = {
						CreatedOnToolsVersion = 12.0;
						TestTargetID = 617D85AD25052C35009E18FB;
					};
				};
			};
			buildConfigurationList = 617D85A925052C35009E18FB /* Build configuration list for PBXProject "AWattPrice" */;
			compatibilityVersion = "Xcode 9.3";
			developmentRegion = en;
			hasScannedForEncodings = 0;
			knownRegions = (
				en,
				Base,
				de,
			);
			mainGroup = 617D85A525052C35009E18FB;
			productRefGroup = 617D85AF25052C35009E18FB /* Products */;
			projectDirPath = "";
			projectRoot = "";
			targets = (
				617D85AD25052C35009E18FB /* AWattPrice */,
				617D85BE25052C37009E18FB /* AwattarAppTests */,
				617D85C925052C37009E18FB /* AwattarAppUITests */,
			);
		};
/* End PBXProject section */

/* Begin PBXResourcesBuildPhase section */
		617D85AC25052C35009E18FB /* Resources */ = {
			isa = PBXResourcesBuildPhase;
			buildActionMask = 2147483647;
			files = (
				617D85B925052C37009E18FB /* Preview Assets.xcassets in Resources */,
				615468532520D214004FBEF7 /* Localizable.strings in Resources */,
				61F983FA2545BC4600A253CC /* Launch Screen.storyboard in Resources */,
				617D85B625052C37009E18FB /* Assets.xcassets in Resources */,
			);
			runOnlyForDeploymentPostprocessing = 0;
		};
		617D85BD25052C37009E18FB /* Resources */ = {
			isa = PBXResourcesBuildPhase;
			buildActionMask = 2147483647;
			files = (
			);
			runOnlyForDeploymentPostprocessing = 0;
		};
		617D85C825052C37009E18FB /* Resources */ = {
			isa = PBXResourcesBuildPhase;
			buildActionMask = 2147483647;
			files = (
			);
			runOnlyForDeploymentPostprocessing = 0;
		};
/* End PBXResourcesBuildPhase section */

/* Begin PBXSourcesBuildPhase section */
		617D85AA25052C35009E18FB /* Sources */ = {
			isa = PBXSourcesBuildPhase;
			buildActionMask = 2147483647;
			files = (
				612211442594C927003D6512 /* GetNotificationSetting.swift in Sources */,
				618AF8622593F82600E21583 /* CurrentSetting.swift in Sources */,
				61D88C0B2545EF9800DA2088 /* Extensions.swift in Sources */,
				618AF8502593E94100E21583 /* GlobalAppSettings.swift in Sources */,
				617DF01C2594AA1D004BF4E2 /* NotificationSetting+CoreDataClass.swift in Sources */,
				61E2DFD7254214B100473E20 /* CheapestHourManager.swift in Sources */,
				6156A577250C1F5E005174A5 /* Setting+CoreDataProperties.swift in Sources */,
				61D6F8792517834400027FD1 /* TimeIntervalPicker.swift in Sources */,
				6181328C258A4AB3007FC6F2 /* SplashScreenSetupView.swift in Sources */,
				614C55832573D421009B5241 /* UpdateDataTimeFormatter.swift in Sources */,
				61D196E52507F58D00E57BAC /* EnergyPriceGraph.swift in Sources */,
				6122C061259DD42F003BE302 /* WhatsNewPage.swift in Sources */,
				61753B6E257818DF001379B9 /* SplashScreenFeaturesAndConsent.swift in Sources */,
				6122115D25951C8E003D6512 /* PriceDropsBelowValueNotificationView.swift in Sources */,
				614E784D25068F6100A7ED83 /* DownloadEnergyData.swift in Sources */,
				61260069253B0AB9009E0126 /* DataDownloadAndError.swift in Sources */,
				610E649A2573077900C1BAD9 /* ContentView.swift in Sources */,
				6117E9E12590B65C00A2B475 /* AppDelegate.swift in Sources */,
				6117E9DB2590B52300A2B475 /* UploadAPNsTokenToServer.swift in Sources */,
				618A6F6E2518F8C800A8778B /* CheapestTimeResultView.swift in Sources */,
				6156A576250C1F5E005174A5 /* Setting+CoreDataClass.swift in Sources */,
				613CFF7F250CCCA500337CB2 /* GetCurrentSetting.swift in Sources */,
				61AA2D5E254DA4CD00C13D42 /* CustomInsetGroupedList.swift in Sources */,
				61190586256081A9007C04D3 /* Shapes.swift in Sources */,
				617DF0332594B573004BF4E2 /* AutoUpdatingEntity.swift in Sources */,
				6164ED3A258E11BD00F706DE /* DecimalTextFieldWithDoneButton.swift in Sources */,
				6164ED27258D4B8E00F706DE /* KeyboardObserver.swift in Sources */,
				6117E9DA2590B52300A2B475 /* PushNotificationManager.swift in Sources */,
				61190596256083FE007C04D3 /* UpdatedDataView.swift in Sources */,
				6198BD4B254C7F7100356A0F /* TimeRangeInputField.swift in Sources */,
				61B214B225881CCF00DC1499 /* AgreementSettingView.swift in Sources */,
				61EC1C12254B425B00324ADA /* AppVersionView.swift in Sources */,
				61D6F8882517AD5500027FD1 /* ButtonStyles.swift in Sources */,
				6122114F25951BCE003D6512 /* NotificationSettingView.swift in Sources */,
				618518F4258518EB00120D81 /* TabBar.swift in Sources */,
				61BA0A542548467F00951321 /* HelpAndSuggestionView.swift in Sources */,
				6156A579250C2161005174A5 /* SettingsPageView.swift in Sources */,
				61B9F61A2598EB0200C14690 /* BarText.swift in Sources */,
				61200EC3253A050700A104B1 /* SplashScreenStartView.swift in Sources */,
				61190591256081E8007C04D3 /* EnergyPriceSingleBar.swift in Sources */,
				61C963A7251E2032001B3E3C /* CheapestTimeClockView.swift in Sources */,
				61BA0A592548764400951321 /* MailView.swift in Sources */,
				617DF0242594AAF5004BF4E2 /* NotificationSetting.swift in Sources */,
				6191FF8F258D0CAF00C31D63 /* NotAffiliatedView.swift in Sources */,
				61EC1C08254B41D800324ADA /* AwattarTariffSelectionSettings.swift in Sources */,
				61813291258A4B56007FC6F2 /* SplashScreenFinishView.swift in Sources */,
				6198BD53254C7FA700356A0F /* TotalConsumptionInputField.swift in Sources */,
				617AD92725730AC100F905A5 /* TBItems.swift in Sources */,
				6184828125699DEE004F3F62 /* RegionAndVatSelection.swift in Sources */,
				61D57125256DAA2300EA69C7 /* CustomDatePicker.swift in Sources */,
				6164ED42258E952F00F706DE /* TotalTimeFormatter.swift in Sources */,
				617D85B425052C35009E18FB /* HomeView.swift in Sources */,
				611D15AF251680B9000691C6 /* CheapestTimeView.swift in Sources */,
				617DF01D2594AA1D004BF4E2 /* NotificationSetting+CoreDataProperties.swift in Sources */,
				617D85B225052C35009E18FB /* AwattarApp.swift in Sources */,
				6198BD5B254C7FD700356A0F /* PowerInputField.swift in Sources */,
				6156A573250C1F04005174A5 /* Model.xcdatamodeld in Sources */,
			);
			runOnlyForDeploymentPostprocessing = 0;
		};
		617D85BB25052C37009E18FB /* Sources */ = {
			isa = PBXSourcesBuildPhase;
			buildActionMask = 2147483647;
			files = (
				617D85C425052C37009E18FB /* AwattarAppTests.swift in Sources */,
			);
			runOnlyForDeploymentPostprocessing = 0;
		};
		617D85C625052C37009E18FB /* Sources */ = {
			isa = PBXSourcesBuildPhase;
			buildActionMask = 2147483647;
			files = (
				617D85CF25052C37009E18FB /* AwattarAppUITests.swift in Sources */,
			);
			runOnlyForDeploymentPostprocessing = 0;
		};
/* End PBXSourcesBuildPhase section */

/* Begin PBXTargetDependency section */
		617D85C125052C37009E18FB /* PBXTargetDependency */ = {
			isa = PBXTargetDependency;
			target = 617D85AD25052C35009E18FB /* AWattPrice */;
			targetProxy = 617D85C025052C37009E18FB /* PBXContainerItemProxy */;
		};
		617D85CC25052C37009E18FB /* PBXTargetDependency */ = {
			isa = PBXTargetDependency;
			target = 617D85AD25052C35009E18FB /* AWattPrice */;
			targetProxy = 617D85CB25052C37009E18FB /* PBXContainerItemProxy */;
		};
/* End PBXTargetDependency section */

/* Begin PBXVariantGroup section */
		615468552520D214004FBEF7 /* Localizable.strings */ = {
			isa = PBXVariantGroup;
			children = (
				615468542520D214004FBEF7 /* en */,
				615468592520D223004FBEF7 /* de */,
			);
			name = Localizable.strings;
			sourceTree = "<group>";
		};
/* End PBXVariantGroup section */

/* Begin XCBuildConfiguration section */
		617D85D125052C37009E18FB /* Development */ = {
			isa = XCBuildConfiguration;
			baseConfigurationReference = 618AF8052593DB6800E21583 /* Development.xcconfig */;
			buildSettings = {
				ALWAYS_SEARCH_USER_PATHS = NO;
				CLANG_ANALYZER_LOCALIZABILITY_NONLOCALIZED = YES;
				CLANG_ANALYZER_NONNULL = YES;
				CLANG_ANALYZER_NUMBER_OBJECT_CONVERSION = YES_AGGRESSIVE;
				CLANG_CXX_LANGUAGE_STANDARD = "gnu++14";
				CLANG_CXX_LIBRARY = "libc++";
				CLANG_ENABLE_MODULES = YES;
				CLANG_ENABLE_OBJC_ARC = YES;
				CLANG_ENABLE_OBJC_WEAK = YES;
				CLANG_WARN_BLOCK_CAPTURE_AUTORELEASING = YES;
				CLANG_WARN_BOOL_CONVERSION = YES;
				CLANG_WARN_COMMA = YES;
				CLANG_WARN_CONSTANT_CONVERSION = YES;
				CLANG_WARN_DEPRECATED_OBJC_IMPLEMENTATIONS = YES;
				CLANG_WARN_DIRECT_OBJC_ISA_USAGE = YES_ERROR;
				CLANG_WARN_DOCUMENTATION_COMMENTS = YES;
				CLANG_WARN_EMPTY_BODY = YES;
				CLANG_WARN_ENUM_CONVERSION = YES;
				CLANG_WARN_INFINITE_RECURSION = YES;
				CLANG_WARN_INT_CONVERSION = YES;
				CLANG_WARN_NON_LITERAL_NULL_CONVERSION = YES;
				CLANG_WARN_OBJC_IMPLICIT_RETAIN_SELF = YES;
				CLANG_WARN_OBJC_LITERAL_CONVERSION = YES;
				CLANG_WARN_OBJC_ROOT_CLASS = YES_ERROR;
				CLANG_WARN_QUOTED_INCLUDE_IN_FRAMEWORK_HEADER = YES;
				CLANG_WARN_RANGE_LOOP_ANALYSIS = YES;
				CLANG_WARN_STRICT_PROTOTYPES = YES;
				CLANG_WARN_SUSPICIOUS_MOVE = YES;
				CLANG_WARN_UNGUARDED_AVAILABILITY = YES_AGGRESSIVE;
				CLANG_WARN_UNREACHABLE_CODE = YES;
				CLANG_WARN__DUPLICATE_METHOD_MATCH = YES;
				COPY_PHASE_STRIP = NO;
				DEBUG_INFORMATION_FORMAT = dwarf;
				ENABLE_STRICT_OBJC_MSGSEND = YES;
				ENABLE_TESTABILITY = YES;
				GCC_C_LANGUAGE_STANDARD = gnu11;
				GCC_DYNAMIC_NO_PIC = NO;
				GCC_NO_COMMON_BLOCKS = YES;
				GCC_OPTIMIZATION_LEVEL = 0;
				GCC_PREPROCESSOR_DEFINITIONS = (
					"DEBUG=1",
					"$(inherited)",
				);
				GCC_WARN_64_TO_32_BIT_CONVERSION = YES;
				GCC_WARN_ABOUT_RETURN_TYPE = YES_ERROR;
				GCC_WARN_UNDECLARED_SELECTOR = YES;
				GCC_WARN_UNINITIALIZED_AUTOS = YES_AGGRESSIVE;
				GCC_WARN_UNUSED_FUNCTION = YES;
				GCC_WARN_UNUSED_VARIABLE = YES;
				IPHONEOS_DEPLOYMENT_TARGET = 14.0;
				MTL_ENABLE_DEBUG_INFO = INCLUDE_SOURCE;
				MTL_FAST_MATH = YES;
				ONLY_ACTIVE_ARCH = YES;
				SDKROOT = iphoneos;
				SWIFT_ACTIVE_COMPILATION_CONDITIONS = DEBUG;
				SWIFT_OPTIMIZATION_LEVEL = "-Onone";
			};
			name = Development;
		};
		617D85D225052C37009E18FB /* Production */ = {
			isa = XCBuildConfiguration;
			baseConfigurationReference = 618AF8062593DB8500E21583 /* Production.xcconfig */;
			buildSettings = {
				ALWAYS_SEARCH_USER_PATHS = NO;
				CLANG_ANALYZER_LOCALIZABILITY_NONLOCALIZED = YES;
				CLANG_ANALYZER_NONNULL = YES;
				CLANG_ANALYZER_NUMBER_OBJECT_CONVERSION = YES_AGGRESSIVE;
				CLANG_CXX_LANGUAGE_STANDARD = "gnu++14";
				CLANG_CXX_LIBRARY = "libc++";
				CLANG_ENABLE_MODULES = YES;
				CLANG_ENABLE_OBJC_ARC = YES;
				CLANG_ENABLE_OBJC_WEAK = YES;
				CLANG_WARN_BLOCK_CAPTURE_AUTORELEASING = YES;
				CLANG_WARN_BOOL_CONVERSION = YES;
				CLANG_WARN_COMMA = YES;
				CLANG_WARN_CONSTANT_CONVERSION = YES;
				CLANG_WARN_DEPRECATED_OBJC_IMPLEMENTATIONS = YES;
				CLANG_WARN_DIRECT_OBJC_ISA_USAGE = YES_ERROR;
				CLANG_WARN_DOCUMENTATION_COMMENTS = YES;
				CLANG_WARN_EMPTY_BODY = YES;
				CLANG_WARN_ENUM_CONVERSION = YES;
				CLANG_WARN_INFINITE_RECURSION = YES;
				CLANG_WARN_INT_CONVERSION = YES;
				CLANG_WARN_NON_LITERAL_NULL_CONVERSION = YES;
				CLANG_WARN_OBJC_IMPLICIT_RETAIN_SELF = YES;
				CLANG_WARN_OBJC_LITERAL_CONVERSION = YES;
				CLANG_WARN_OBJC_ROOT_CLASS = YES_ERROR;
				CLANG_WARN_QUOTED_INCLUDE_IN_FRAMEWORK_HEADER = YES;
				CLANG_WARN_RANGE_LOOP_ANALYSIS = YES;
				CLANG_WARN_STRICT_PROTOTYPES = YES;
				CLANG_WARN_SUSPICIOUS_MOVE = YES;
				CLANG_WARN_UNGUARDED_AVAILABILITY = YES_AGGRESSIVE;
				CLANG_WARN_UNREACHABLE_CODE = YES;
				CLANG_WARN__DUPLICATE_METHOD_MATCH = YES;
				COPY_PHASE_STRIP = NO;
				DEBUG_INFORMATION_FORMAT = "dwarf-with-dsym";
				ENABLE_NS_ASSERTIONS = NO;
				ENABLE_STRICT_OBJC_MSGSEND = YES;
				GCC_C_LANGUAGE_STANDARD = gnu11;
				GCC_NO_COMMON_BLOCKS = YES;
				GCC_WARN_64_TO_32_BIT_CONVERSION = YES;
				GCC_WARN_ABOUT_RETURN_TYPE = YES_ERROR;
				GCC_WARN_UNDECLARED_SELECTOR = YES;
				GCC_WARN_UNINITIALIZED_AUTOS = YES_AGGRESSIVE;
				GCC_WARN_UNUSED_FUNCTION = YES;
				GCC_WARN_UNUSED_VARIABLE = YES;
				IPHONEOS_DEPLOYMENT_TARGET = 14.0;
				MTL_ENABLE_DEBUG_INFO = NO;
				MTL_FAST_MATH = YES;
				SDKROOT = iphoneos;
				SWIFT_COMPILATION_MODE = wholemodule;
				SWIFT_OPTIMIZATION_LEVEL = "-O";
				VALIDATE_PRODUCT = YES;
			};
			name = Production;
		};
		617D85D425052C37009E18FB /* Development */ = {
			isa = XCBuildConfiguration;
			baseConfigurationReference = 618AF8052593DB6800E21583 /* Development.xcconfig */;
			buildSettings = {
				ASSETCATALOG_COMPILER_APPICON_NAME = AppIcon;
				CODE_SIGN_ENTITLEMENTS = AWattPrice/AWattPrice.entitlements;
				CODE_SIGN_IDENTITY = "Apple Development";
				"CODE_SIGN_IDENTITY[sdk=macosx*]" = "Apple Development";
				CODE_SIGN_STYLE = Automatic;
				CURRENT_PROJECT_VERSION = 19;
				DEVELOPMENT_ASSET_PATHS = "\"AWattPrice/Preview Content\"";
				DEVELOPMENT_TEAM = RC32A2AMHF;
				ENABLE_PREVIEWS = YES;
				GCC_PREFIX_HEADER = AWattPrice;
				INFOPLIST_FILE = AWattPrice/Configs/Info.plist;
				IPHONEOS_DEPLOYMENT_TARGET = 14.0;
				"IPHONEOS_DEPLOYMENT_TARGET[sdk=macosx*]" = 14.2;
				LD_RUNPATH_SEARCH_PATHS = (
					"$(inherited)",
					"@executable_path/Frameworks",
				);
				MARKETING_VERSION = 1.1;
				PRODUCT_BUNDLE_IDENTIFIER = me.space8.AWattPrice.dev;
				PRODUCT_NAME = "$(TARGET_NAME)";
				PROVISIONING_PROFILE_SPECIFIER = "";
				"PROVISIONING_PROFILE_SPECIFIER[sdk=macosx*]" = "";
				SUPPORTS_MACCATALYST = YES;
				SWIFT_VERSION = 5.0;
				TARGETED_DEVICE_FAMILY = "1,2";
			};
			name = Development;
		};
		617D85D525052C37009E18FB /* Production */ = {
			isa = XCBuildConfiguration;
			baseConfigurationReference = 618AF8062593DB8500E21583 /* Production.xcconfig */;
			buildSettings = {
				ASSETCATALOG_COMPILER_APPICON_NAME = AppIcon;
				CODE_SIGN_ENTITLEMENTS = AWattPrice/AWattPrice.entitlements;
				CODE_SIGN_IDENTITY = "Apple Development";
				CODE_SIGN_STYLE = Automatic;
				CURRENT_PROJECT_VERSION = 19;
				DEVELOPMENT_ASSET_PATHS = "\"AWattPrice/Preview Content\"";
				DEVELOPMENT_TEAM = RC32A2AMHF;
				ENABLE_PREVIEWS = YES;
				GCC_PREFIX_HEADER = AWattPrice;
				INFOPLIST_FILE = AWattPrice/Configs/Info.plist;
				IPHONEOS_DEPLOYMENT_TARGET = 14.0;
				"IPHONEOS_DEPLOYMENT_TARGET[sdk=macosx*]" = 14.2;
				LD_RUNPATH_SEARCH_PATHS = (
					"$(inherited)",
					"@executable_path/Frameworks",
				);
				MARKETING_VERSION = 1.1;
				PRODUCT_BUNDLE_IDENTIFIER = "$(APP_BUNDLEID)";
				PRODUCT_NAME = "$(TARGET_NAME)";
				PROVISIONING_PROFILE_SPECIFIER = "";
				SUPPORTS_MACCATALYST = YES;
				SWIFT_VERSION = 5.0;
				TARGETED_DEVICE_FAMILY = "1,2";
			};
			name = Production;
		};
		617D85D725052C37009E18FB /* Development */ = {
			isa = XCBuildConfiguration;
			baseConfigurationReference = 618AF8052593DB6800E21583 /* Development.xcconfig */;
			buildSettings = {
				ALWAYS_EMBED_SWIFT_STANDARD_LIBRARIES = YES;
				BUNDLE_LOADER = "$(TEST_HOST)";
				CODE_SIGN_STYLE = Automatic;
				DEVELOPMENT_TEAM = JC4B7WF2UL;
				INFOPLIST_FILE = AwattarAppTests/Info.plist;
				IPHONEOS_DEPLOYMENT_TARGET = 14.0;
				LD_RUNPATH_SEARCH_PATHS = (
					"$(inherited)",
					"@executable_path/Frameworks",
					"@loader_path/Frameworks",
				);
				PRODUCT_BUNDLE_IDENTIFIER = me.sp4c38.AwattarAppTests;
				PRODUCT_NAME = "$(TARGET_NAME)";
				SWIFT_VERSION = 5.0;
				TARGETED_DEVICE_FAMILY = "1,2";
				TEST_HOST = "$(BUILT_PRODUCTS_DIR)/AwattarApp.app/AwattarApp";
			};
			name = Development;
		};
		617D85D825052C37009E18FB /* Production */ = {
			isa = XCBuildConfiguration;
			baseConfigurationReference = 618AF8062593DB8500E21583 /* Production.xcconfig */;
			buildSettings = {
				ALWAYS_EMBED_SWIFT_STANDARD_LIBRARIES = YES;
				BUNDLE_LOADER = "$(TEST_HOST)";
				CODE_SIGN_STYLE = Automatic;
				DEVELOPMENT_TEAM = JC4B7WF2UL;
				INFOPLIST_FILE = AwattarAppTests/Info.plist;
				IPHONEOS_DEPLOYMENT_TARGET = 14.0;
				LD_RUNPATH_SEARCH_PATHS = (
					"$(inherited)",
					"@executable_path/Frameworks",
					"@loader_path/Frameworks",
				);
				PRODUCT_BUNDLE_IDENTIFIER = me.sp4c38.AwattarAppTests;
				PRODUCT_NAME = "$(TARGET_NAME)";
				SWIFT_VERSION = 5.0;
				TARGETED_DEVICE_FAMILY = "1,2";
				TEST_HOST = "$(BUILT_PRODUCTS_DIR)/AwattarApp.app/AwattarApp";
			};
			name = Production;
		};
		617D85DA25052C37009E18FB /* Development */ = {
			isa = XCBuildConfiguration;
			baseConfigurationReference = 618AF8052593DB6800E21583 /* Development.xcconfig */;
			buildSettings = {
				ALWAYS_EMBED_SWIFT_STANDARD_LIBRARIES = YES;
				CODE_SIGN_STYLE = Automatic;
				DEVELOPMENT_TEAM = JC4B7WF2UL;
				INFOPLIST_FILE = AwattarAppUITests/Info.plist;
				LD_RUNPATH_SEARCH_PATHS = (
					"$(inherited)",
					"@executable_path/Frameworks",
					"@loader_path/Frameworks",
				);
				PRODUCT_BUNDLE_IDENTIFIER = me.sp4c38.AwattarAppUITests;
				PRODUCT_NAME = "$(TARGET_NAME)";
				SWIFT_VERSION = 5.0;
				TARGETED_DEVICE_FAMILY = "1,2";
				TEST_TARGET_NAME = AwattarApp;
			};
			name = Development;
		};
		617D85DB25052C37009E18FB /* Production */ = {
			isa = XCBuildConfiguration;
			baseConfigurationReference = 618AF8062593DB8500E21583 /* Production.xcconfig */;
			buildSettings = {
				ALWAYS_EMBED_SWIFT_STANDARD_LIBRARIES = YES;
				CODE_SIGN_STYLE = Automatic;
				DEVELOPMENT_TEAM = JC4B7WF2UL;
				INFOPLIST_FILE = AwattarAppUITests/Info.plist;
				LD_RUNPATH_SEARCH_PATHS = (
					"$(inherited)",
					"@executable_path/Frameworks",
					"@loader_path/Frameworks",
				);
				PRODUCT_BUNDLE_IDENTIFIER = me.sp4c38.AwattarAppUITests;
				PRODUCT_NAME = "$(TARGET_NAME)";
				SWIFT_VERSION = 5.0;
				TARGETED_DEVICE_FAMILY = "1,2";
				TEST_TARGET_NAME = AwattarApp;
			};
			name = Production;
		};
/* End XCBuildConfiguration section */

/* Begin XCConfigurationList section */
		617D85A925052C35009E18FB /* Build configuration list for PBXProject "AWattPrice" */ = {
			isa = XCConfigurationList;
			buildConfigurations = (
				617D85D125052C37009E18FB /* Development */,
				617D85D225052C37009E18FB /* Production */,
			);
			defaultConfigurationIsVisible = 0;
			defaultConfigurationName = Production;
		};
		617D85D325052C37009E18FB /* Build configuration list for PBXNativeTarget "AWattPrice" */ = {
			isa = XCConfigurationList;
			buildConfigurations = (
				617D85D425052C37009E18FB /* Development */,
				617D85D525052C37009E18FB /* Production */,
			);
			defaultConfigurationIsVisible = 0;
			defaultConfigurationName = Production;
		};
		617D85D625052C37009E18FB /* Build configuration list for PBXNativeTarget "AwattarAppTests" */ = {
			isa = XCConfigurationList;
			buildConfigurations = (
				617D85D725052C37009E18FB /* Development */,
				617D85D825052C37009E18FB /* Production */,
			);
			defaultConfigurationIsVisible = 0;
			defaultConfigurationName = Production;
		};
		617D85D925052C37009E18FB /* Build configuration list for PBXNativeTarget "AwattarAppUITests" */ = {
			isa = XCConfigurationList;
			buildConfigurations = (
				617D85DA25052C37009E18FB /* Development */,
				617D85DB25052C37009E18FB /* Production */,
			);
			defaultConfigurationIsVisible = 0;
			defaultConfigurationName = Production;
		};
/* End XCConfigurationList section */

/* Begin XCVersionGroup section */
		6156A571250C1F04005174A5 /* Model.xcdatamodeld */ = {
			isa = XCVersionGroup;
			children = (
				6122C046259DCB61003BE302 /* Model 2.xcdatamodel */,
				6156A572250C1F04005174A5 /* Model.xcdatamodel */,
			);
			currentVersion = 6122C046259DCB61003BE302 /* Model 2.xcdatamodel */;
			path = Model.xcdatamodeld;
			sourceTree = "<group>";
			versionGroupType = wrapper.xcdatamodel;
		};
/* End XCVersionGroup section */
	};
	rootObject = 617D85A625052C35009E18FB /* Project object */;
}
