// !$*UTF8*$!
{
	archiveVersion = 1;
	classes = {
	};
	objectVersion = 51;
	objects = {

/* Begin PBXBuildFile section */
		0218434EF5E2274EBFE2556D /* EasyIntervalPickerRepresentable.swift in Sources */ = {isa = PBXBuildFile; fileRef = 4CD1F6B5B195039FFEB3EABF /* EasyIntervalPickerRepresentable.swift */; };
		064C9A424327FABE2532BA99 /* NetworkManager.swift in Sources */ = {isa = PBXBuildFile; fileRef = A20D640B9169A88638A21AE4 /* NetworkManager.swift */; };
		06E926DFA27652D3D467FDE5 /* MailView.swift in Sources */ = {isa = PBXBuildFile; fileRef = 34780AA5748B0492AE1C4A46 /* MailView.swift */; };
		0A34E84DDE077B5B2CDF54D7 /* DataHelpers.swift in Sources */ = {isa = PBXBuildFile; fileRef = 8D88CB39B9C07FFADA14AEB7 /* DataHelpers.swift */; };
		0D33F482AC50693FACECEAE0 /* SettingsPageView.swift in Sources */ = {isa = PBXBuildFile; fileRef = 4E107806889A8A12B5082BD9 /* SettingsPageView.swift */; };
		0FC03E87B7F74CC0231FD07B /* BarText.swift in Sources */ = {isa = PBXBuildFile; fileRef = B7D5F01F36962D77A62B0829 /* BarText.swift */; };
		12A05B153847185459E4693F /* PushNotificationManager.swift in Sources */ = {isa = PBXBuildFile; fileRef = D944A9980FCA7DC2392B9194 /* PushNotificationManager.swift */; };
		1615E46937C6A2B43C4202D5 /* AwattarTariffSelectionSettings.swift in Sources */ = {isa = PBXBuildFile; fileRef = 7FC97563BE8F53F7519923FB /* AwattarTariffSelectionSettings.swift */; };
		16ACF4267B88FE0EB8EE7C05 /* KeyboardObserver.swift in Sources */ = {isa = PBXBuildFile; fileRef = 29F39DD657882B60E72DCF87 /* KeyboardObserver.swift */; };
		1958A448061776E1FD5109C2 /* DataParser.swift in Sources */ = {isa = PBXBuildFile; fileRef = 1FACD4090FC5F233142B918D /* DataParser.swift */; };
		1AC7AD73A9766CCDF615B4FA /* CheapestHourManager.swift in Sources */ = {isa = PBXBuildFile; fileRef = 7E38634B2DE4606844EF9BB9 /* CheapestHourManager.swift */; };
		1BC06F48E289F34CB7E41A4C /* UploadAPNsTokenToServer.swift in Sources */ = {isa = PBXBuildFile; fileRef = 553587E0178731796385E3AB /* UploadAPNsTokenToServer.swift */; };
		1BEA94ABD7830AAF4D67B470 /* APNSUploadError.swift in Sources */ = {isa = PBXBuildFile; fileRef = 162872662F9E87385840AA84 /* APNSUploadError.swift */; };
		20E5CC30E08DD6FCAA72ACA9 /* GeneralAWattPrice.swift in Sources */ = {isa = PBXBuildFile; fileRef = 11EB6C78BA4C2A8D898B010C /* GeneralAWattPrice.swift */; };
		269F56E3CA1E1FCEFA94556E /* EnergyPriceSingleBar.swift in Sources */ = {isa = PBXBuildFile; fileRef = 5A138112520325FA93C5DDB2 /* EnergyPriceSingleBar.swift */; };
		28B8BF40CC86A52BC6459EF6 /* BackendCommunicator.swift in Sources */ = {isa = PBXBuildFile; fileRef = 9BBD8C9486843F4902DDAF4A /* BackendCommunicator.swift */; };
		342F4994F784AD977F14B867 /* Font.swift in Sources */ = {isa = PBXBuildFile; fileRef = D0B3CF42152AD59BB2FBC0DE /* Font.swift */; };
		3EF91106EE3ACC20915B04C3 /* General.swift in Sources */ = {isa = PBXBuildFile; fileRef = 1AE038C4F3EADFA03E3A7B5D /* General.swift */; };
		435899A3B4CE50F2571048B7 /* SplashScreenSetupView.swift in Sources */ = {isa = PBXBuildFile; fileRef = 3C7913F753AD1FEA7BD65AF9 /* SplashScreenSetupView.swift */; };
		44E44E20D02AF5F8E6905FD6 /* EnergyPriceGraph.swift in Sources */ = {isa = PBXBuildFile; fileRef = 945491E0C628260C23C920A6 /* EnergyPriceGraph.swift */; };
		487B446B784EF4B892827BE3 /* NoNotificationAccessView.swift in Sources */ = {isa = PBXBuildFile; fileRef = 152D61CE052F193C7C90197C /* NoNotificationAccessView.swift */; };
		497DF890610E898CB84844DE /* ButtonStyles.swift in Sources */ = {isa = PBXBuildFile; fileRef = 29C992CBD129795EAA7B1847 /* ButtonStyles.swift */; };
		4B22F98273C435BFC83A14F8 /* PowerInputField.swift in Sources */ = {isa = PBXBuildFile; fileRef = AC5C7F6D52BD69D3050CDAF4 /* PowerInputField.swift */; };
		4CDC99107BA8AF8A2593C832 /* TotalTimeFormatter.swift in Sources */ = {isa = PBXBuildFile; fileRef = 3ADC7D1FB0E9A199FD8745FF /* TotalTimeFormatter.swift */; };
		4DB82BBA7166EFA05B8D40B5 /* WhatsNewPage.swift in Sources */ = {isa = PBXBuildFile; fileRef = C7CC4E6438A1FBBDC4F3A83A /* WhatsNewPage.swift */; };
		4DD307D90246B3E3134D574A /* TabBar.swift in Sources */ = {isa = PBXBuildFile; fileRef = 79309099E33D553BB3C8998D /* TabBar.swift */; };
		59485C67E34F3A635074212A /* GetData.swift in Sources */ = {isa = PBXBuildFile; fileRef = 731A715F3697FCDD31B5B3B7 /* GetData.swift */; };
		59BDBAACA1BB8316305D917B /* Localizable.strings in Resources */ = {isa = PBXBuildFile; fileRef = 95BD95FD492B1F960E9F23C4 /* Localizable.strings */; };
		5ABFB04E1A2B0921BC640638 /* TotalConsumptionInputField.swift in Sources */ = {isa = PBXBuildFile; fileRef = 3B37C69C8B46934B84D86694 /* TotalConsumptionInputField.swift */; };
		5CBDAD8C989263B3F08B757B /* AwattarApp.swift in Sources */ = {isa = PBXBuildFile; fileRef = 056D371B3E1CBEA1F4F6988A /* AwattarApp.swift */; };
		6A22DA57380BB35CB4CC0DEF /* Time.swift in Sources */ = {isa = PBXBuildFile; fileRef = 62D6A5F24FC105AC566396E7 /* Time.swift */; };
		6F055C161E9704D63C692E35 /* QueueHelpers.swift in Sources */ = {isa = PBXBuildFile; fileRef = D3B75AA92D858BCE35D93959 /* QueueHelpers.swift */; };
		6FED3EAEAD320BF8C55D0F38 /* HelpAndSuggestionView.swift in Sources */ = {isa = PBXBuildFile; fileRef = BAC2D1A01905B56E60DB1A34 /* HelpAndSuggestionView.swift */; };
		7328D14EAF2E16DF0EE1CBE8 /* ContentView.swift in Sources */ = {isa = PBXBuildFile; fileRef = 9D66A9967CD49E255E8312D9 /* ContentView.swift */; };
		7497B7419BB0C89D94152083 /* TimeRangeInputField.swift in Sources */ = {isa = PBXBuildFile; fileRef = 4BC8B2896D9E947D53237278 /* TimeRangeInputField.swift */; };
		84CC210A5A3A8B92D69D66F5 /* Preview Assets.xcassets in Resources */ = {isa = PBXBuildFile; fileRef = 680F310E2A0D6CF541CC7847 /* Preview Assets.xcassets */; };
		868A59B9D6FD794FBA33ACDF /* HapticFeedbacks.swift in Sources */ = {isa = PBXBuildFile; fileRef = D57E26A2C0F3BCA8BEF98E41 /* HapticFeedbacks.swift */; };
		88F5F3CE68316DF6ECEB9338 /* LazyNavigationDestination.swift in Sources */ = {isa = PBXBuildFile; fileRef = DF1B1B050541C6B8F2974826 /* LazyNavigationDestination.swift */; };
		8B85DF3CCCB6CE75508CE969 /* SF-Compact-Display-Black.otf in Resources */ = {isa = PBXBuildFile; fileRef = CC86F9987A19BB3FA4DA1124 /* SF-Compact-Display-Black.otf */; };
		8EBA99CD222637158A1F6C94 /* CustomInsetGroupedList.swift in Sources */ = {isa = PBXBuildFile; fileRef = 8DFD2A7B5BE54C32F73CC85C /* CustomInsetGroupedList.swift */; };
		9477262705556C15DC8E9A14 /* UpdateDataTimeFormatter.swift in Sources */ = {isa = PBXBuildFile; fileRef = 6492A5AA42BB73D2A8FFFEB3 /* UpdateDataTimeFormatter.swift */; };
		95F986B04C207C30FFAAE088 /* PriceDropsBelowValueNotificationView.swift in Sources */ = {isa = PBXBuildFile; fileRef = A6AE0BF63AE2396140EFC8DC /* PriceDropsBelowValueNotificationView.swift */; };
		9B0D883D54EF929E31A49719 /* UpdatedDataView.swift in Sources */ = {isa = PBXBuildFile; fileRef = D00A97299B707F5E8A0BBBCA /* UpdatedDataView.swift */; };
		9FC64C15CCE7271783479418 /* SplashScreenFinishView.swift in Sources */ = {isa = PBXBuildFile; fileRef = 24A754433E837673FAA73020 /* SplashScreenFinishView.swift */; };
		A3AC8025FB943AFED765E491 /* TabBar.swift in Sources */ = {isa = PBXBuildFile; fileRef = 088962707AA5F5E594723DE3 /* TabBar.swift */; };
		A9845651F2D8FC7CD261C29D /* RegionAndVatSelection.swift in Sources */ = {isa = PBXBuildFile; fileRef = 49079CB6504FE359E92C1182 /* RegionAndVatSelection.swift */; };
		AAF42B7BCB9F1643D39680AD /* CustomDatePicker.swift in Sources */ = {isa = PBXBuildFile; fileRef = D24AC7F84C8BE6CDA13F17B7 /* CustomDatePicker.swift */; };
		AB1D504EAC92CCA548883CED /* EasyIntervalPicker.swift in Sources */ = {isa = PBXBuildFile; fileRef = 6FA619B8D5A14F59364C1397 /* EasyIntervalPicker.swift */; };
		B0D6B686BE1614678645FFA8 /* SplashScreenFeaturesAndConsent.swift in Sources */ = {isa = PBXBuildFile; fileRef = A509CC3FEF3DD846C8C49CD8 /* SplashScreenFeaturesAndConsent.swift */; };
		B66ECE8E6B1E8FFCA66A9EEE /* DownloadData.swift in Sources */ = {isa = PBXBuildFile; fileRef = A42169F5044BEC2B29046CD4 /* DownloadData.swift */; };
		B836D19042FA16E1ACFFE3D9 /* InputFieldStyles.swift in Sources */ = {isa = PBXBuildFile; fileRef = F73C03EEC8A6210EA8CADC24 /* InputFieldStyles.swift */; };
		B8F5E5739D865183121DB817 /* CheapestTimeView.swift in Sources */ = {isa = PBXBuildFile; fileRef = 8B8D2F0FF1990E8A9B5871BB /* CheapestTimeView.swift */; };
		BB4B36AC9DE2291CAF14C2F1 /* AppVersionView.swift in Sources */ = {isa = PBXBuildFile; fileRef = 10F911A5FD36482D26D178E4 /* AppVersionView.swift */; };
		BC705FE88A1D317CDEC9D66F /* Calendar.swift in Sources */ = {isa = PBXBuildFile; fileRef = 80361B0F72BA0A494F336AD3 /* Calendar.swift */; };
		BD39CC6E9EDE8DF18A77EAD7 /* NumberField.swift in Sources */ = {isa = PBXBuildFile; fileRef = 998A076F82C5C0EEB558B234 /* NumberField.swift */; };
		BE877D14BF4AAD45744D5A11 /* NotAffiliatedView.swift in Sources */ = {isa = PBXBuildFile; fileRef = 2AA5514CCB5C43866114155D /* NotAffiliatedView.swift */; };
		C1E7DC845AD8E5805E26C041 /* Shapes.swift in Sources */ = {isa = PBXBuildFile; fileRef = A65252CBA1C16A261E6C9A70 /* Shapes.swift */; };
		C4A037452149C5A47026A3D2 /* DataDownloadAndError.swift in Sources */ = {isa = PBXBuildFile; fileRef = A88B8DDEB9B0E130AA7DC2B8 /* DataDownloadAndError.swift */; };
		C6F9A00E5C20FCF5045A951A /* CheapestTimeResultView.swift in Sources */ = {isa = PBXBuildFile; fileRef = 40196BE4BE0F02564D5E1A62 /* CheapestTimeResultView.swift */; };
		C709BBE10B4334E78E818E11 /* CheapestTimeClockView.swift in Sources */ = {isa = PBXBuildFile; fileRef = 585CF2BCDFC2FE2C878B161B /* CheapestTimeClockView.swift */; };
		C8BDF59CCE0485D7121E4182 /* NotificationSettingView.swift in Sources */ = {isa = PBXBuildFile; fileRef = CEA35649337B1DEEFED2B1C3 /* NotificationSettingView.swift */; };
		CB4BE2AAE42743F9E7DE998E /* SplashScreenStartView.swift in Sources */ = {isa = PBXBuildFile; fileRef = 52396EA49284A16B35496857 /* SplashScreenStartView.swift */; };
		D2E8D60920D0F7C8A9C7432E /* Environment.swift in Sources */ = {isa = PBXBuildFile; fileRef = 5BC3418FF7CE4398323F1A4F /* Environment.swift */; };
		D8CFCC7C18D97EA76DB02E08 /* Launch Screen.storyboard in Resources */ = {isa = PBXBuildFile; fileRef = 546D5FA692CB5FFBAF81B22A /* Launch Screen.storyboard */; };
		DBA5B1FE42B492B0CB2D8D35 /* Assets.xcassets in Resources */ = {isa = PBXBuildFile; fileRef = 2C75B85698299C6281666C42 /* Assets.xcassets */; };
		ED415216071B4710A4D5B859 /* HomeView.swift in Sources */ = {isa = PBXBuildFile; fileRef = 6A44807D7D2FF756E6FD247A /* HomeView.swift */; };
		EFD7D5BFD0500E84A6F4D11A /* AgreementSettingView.swift in Sources */ = {isa = PBXBuildFile; fileRef = DFBABA3A836F91521022EEDB /* AgreementSettingView.swift */; };
		F9FC5AA2F4EC7B121A724957 /* TBItems.swift in Sources */ = {isa = PBXBuildFile; fileRef = 4604F4CB3FE03D6AB9B12298 /* TBItems.swift */; };
		FADB83BED1CAE82B14357297 /* TBItems.swift in Sources */ = {isa = PBXBuildFile; fileRef = E27A0C521421D764FD55AFF5 /* TBItems.swift */; };
		FB9E23E59D2823855EBF43BB /* AppDelegate.swift in Sources */ = {isa = PBXBuildFile; fileRef = B4246C9D7E364A2A24FB1777 /* AppDelegate.swift */; };
/* End PBXBuildFile section */

/* Begin PBXFileReference section */
		056D371B3E1CBEA1F4F6988A /* AwattarApp.swift */ = {isa = PBXFileReference; lastKnownFileType = sourcecode.swift; path = AwattarApp.swift; sourceTree = "<group>"; };
		088962707AA5F5E594723DE3 /* TabBar.swift */ = {isa = PBXFileReference; lastKnownFileType = sourcecode.swift; path = TabBar.swift; sourceTree = "<group>"; };
		10F911A5FD36482D26D178E4 /* AppVersionView.swift */ = {isa = PBXFileReference; lastKnownFileType = sourcecode.swift; path = AppVersionView.swift; sourceTree = "<group>"; };
		11EB6C78BA4C2A8D898B010C /* GeneralAWattPrice.swift */ = {isa = PBXFileReference; lastKnownFileType = sourcecode.swift; path = GeneralAWattPrice.swift; sourceTree = "<group>"; };
		152D61CE052F193C7C90197C /* NoNotificationAccessView.swift */ = {isa = PBXFileReference; lastKnownFileType = sourcecode.swift; path = NoNotificationAccessView.swift; sourceTree = "<group>"; };
		162872662F9E87385840AA84 /* APNSUploadError.swift */ = {isa = PBXFileReference; lastKnownFileType = sourcecode.swift; path = APNSUploadError.swift; sourceTree = "<group>"; };
		1AE038C4F3EADFA03E3A7B5D /* General.swift */ = {isa = PBXFileReference; lastKnownFileType = sourcecode.swift; path = General.swift; sourceTree = "<group>"; };
		1FACD4090FC5F233142B918D /* DataParser.swift */ = {isa = PBXFileReference; lastKnownFileType = sourcecode.swift; path = DataParser.swift; sourceTree = "<group>"; };
		24A754433E837673FAA73020 /* SplashScreenFinishView.swift */ = {isa = PBXFileReference; lastKnownFileType = sourcecode.swift; path = SplashScreenFinishView.swift; sourceTree = "<group>"; };
		29C992CBD129795EAA7B1847 /* ButtonStyles.swift */ = {isa = PBXFileReference; lastKnownFileType = sourcecode.swift; path = ButtonStyles.swift; sourceTree = "<group>"; };
		29F39DD657882B60E72DCF87 /* KeyboardObserver.swift */ = {isa = PBXFileReference; lastKnownFileType = sourcecode.swift; path = KeyboardObserver.swift; sourceTree = "<group>"; };
		2AA5514CCB5C43866114155D /* NotAffiliatedView.swift */ = {isa = PBXFileReference; lastKnownFileType = sourcecode.swift; path = NotAffiliatedView.swift; sourceTree = "<group>"; };
		2C75B85698299C6281666C42 /* Assets.xcassets */ = {isa = PBXFileReference; lastKnownFileType = folder.assetcatalog; path = Assets.xcassets; sourceTree = "<group>"; };
		34780AA5748B0492AE1C4A46 /* MailView.swift */ = {isa = PBXFileReference; lastKnownFileType = sourcecode.swift; path = MailView.swift; sourceTree = "<group>"; };
		3ADC7D1FB0E9A199FD8745FF /* TotalTimeFormatter.swift */ = {isa = PBXFileReference; lastKnownFileType = sourcecode.swift; path = TotalTimeFormatter.swift; sourceTree = "<group>"; };
		3B37C69C8B46934B84D86694 /* TotalConsumptionInputField.swift */ = {isa = PBXFileReference; lastKnownFileType = sourcecode.swift; path = TotalConsumptionInputField.swift; sourceTree = "<group>"; };
		3C7913F753AD1FEA7BD65AF9 /* SplashScreenSetupView.swift */ = {isa = PBXFileReference; lastKnownFileType = sourcecode.swift; path = SplashScreenSetupView.swift; sourceTree = "<group>"; };
		40196BE4BE0F02564D5E1A62 /* CheapestTimeResultView.swift */ = {isa = PBXFileReference; lastKnownFileType = sourcecode.swift; path = CheapestTimeResultView.swift; sourceTree = "<group>"; };
		4604F4CB3FE03D6AB9B12298 /* TBItems.swift */ = {isa = PBXFileReference; lastKnownFileType = sourcecode.swift; path = TBItems.swift; sourceTree = "<group>"; };
		49079CB6504FE359E92C1182 /* RegionAndVatSelection.swift */ = {isa = PBXFileReference; lastKnownFileType = sourcecode.swift; path = RegionAndVatSelection.swift; sourceTree = "<group>"; };
		4BC8B2896D9E947D53237278 /* TimeRangeInputField.swift */ = {isa = PBXFileReference; lastKnownFileType = sourcecode.swift; path = TimeRangeInputField.swift; sourceTree = "<group>"; };
		4CD1F6B5B195039FFEB3EABF /* EasyIntervalPickerRepresentable.swift */ = {isa = PBXFileReference; lastKnownFileType = sourcecode.swift; path = EasyIntervalPickerRepresentable.swift; sourceTree = "<group>"; };
		4D92DAF6062C9BB0CC3973F3 /* AWattPrice.app */ = {isa = PBXFileReference; includeInIndex = 0; lastKnownFileType = wrapper.application; path = AWattPrice.app; sourceTree = BUILT_PRODUCTS_DIR; };
		4E107806889A8A12B5082BD9 /* SettingsPageView.swift */ = {isa = PBXFileReference; lastKnownFileType = sourcecode.swift; path = SettingsPageView.swift; sourceTree = "<group>"; };
		52396EA49284A16B35496857 /* SplashScreenStartView.swift */ = {isa = PBXFileReference; lastKnownFileType = sourcecode.swift; path = SplashScreenStartView.swift; sourceTree = "<group>"; };
		52A4CD1362317193ABA4A25D /* de */ = {isa = PBXFileReference; lastKnownFileType = text.plist.strings; name = de; path = de.lproj/Localizable.strings; sourceTree = "<group>"; };
		546D5FA692CB5FFBAF81B22A /* Launch Screen.storyboard */ = {isa = PBXFileReference; lastKnownFileType = file.storyboard; path = "Launch Screen.storyboard"; sourceTree = "<group>"; };
		553587E0178731796385E3AB /* UploadAPNsTokenToServer.swift */ = {isa = PBXFileReference; lastKnownFileType = sourcecode.swift; path = UploadAPNsTokenToServer.swift; sourceTree = "<group>"; };
		585CF2BCDFC2FE2C878B161B /* CheapestTimeClockView.swift */ = {isa = PBXFileReference; lastKnownFileType = sourcecode.swift; path = CheapestTimeClockView.swift; sourceTree = "<group>"; };
		5A138112520325FA93C5DDB2 /* EnergyPriceSingleBar.swift */ = {isa = PBXFileReference; lastKnownFileType = sourcecode.swift; path = EnergyPriceSingleBar.swift; sourceTree = "<group>"; };
		5BC3418FF7CE4398323F1A4F /* Environment.swift */ = {isa = PBXFileReference; lastKnownFileType = sourcecode.swift; path = Environment.swift; sourceTree = "<group>"; };
		5E69EEB1FA019DD2F16C2815 /* AWattPriceWidgetExtension.entitlements */ = {isa = PBXFileReference; lastKnownFileType = text.plist.entitlements; path = AWattPriceWidgetExtension.entitlements; sourceTree = "<group>"; };
		62D6A5F24FC105AC566396E7 /* Time.swift */ = {isa = PBXFileReference; lastKnownFileType = sourcecode.swift; path = Time.swift; sourceTree = "<group>"; };
		6492A5AA42BB73D2A8FFFEB3 /* UpdateDataTimeFormatter.swift */ = {isa = PBXFileReference; lastKnownFileType = sourcecode.swift; path = UpdateDataTimeFormatter.swift; sourceTree = "<group>"; };
		680F310E2A0D6CF541CC7847 /* Preview Assets.xcassets */ = {isa = PBXFileReference; lastKnownFileType = folder.assetcatalog; path = "Preview Assets.xcassets"; sourceTree = "<group>"; };
		6A44807D7D2FF756E6FD247A /* HomeView.swift */ = {isa = PBXFileReference; lastKnownFileType = sourcecode.swift; path = HomeView.swift; sourceTree = "<group>"; };
		6FA619B8D5A14F59364C1397 /* EasyIntervalPicker.swift */ = {isa = PBXFileReference; lastKnownFileType = sourcecode.swift; path = EasyIntervalPicker.swift; sourceTree = "<group>"; };
		731A715F3697FCDD31B5B3B7 /* GetData.swift */ = {isa = PBXFileReference; lastKnownFileType = sourcecode.swift; path = GetData.swift; sourceTree = "<group>"; };
		79309099E33D553BB3C8998D /* TabBar.swift */ = {isa = PBXFileReference; lastKnownFileType = sourcecode.swift; path = TabBar.swift; sourceTree = "<group>"; };
		7E38634B2DE4606844EF9BB9 /* CheapestHourManager.swift */ = {isa = PBXFileReference; lastKnownFileType = sourcecode.swift; path = CheapestHourManager.swift; sourceTree = "<group>"; };
		7FC97563BE8F53F7519923FB /* AwattarTariffSelectionSettings.swift */ = {isa = PBXFileReference; lastKnownFileType = sourcecode.swift; path = AwattarTariffSelectionSettings.swift; sourceTree = "<group>"; };
		80361B0F72BA0A494F336AD3 /* Calendar.swift */ = {isa = PBXFileReference; lastKnownFileType = sourcecode.swift; path = Calendar.swift; sourceTree = "<group>"; };
		8B8D2F0FF1990E8A9B5871BB /* CheapestTimeView.swift */ = {isa = PBXFileReference; lastKnownFileType = sourcecode.swift; path = CheapestTimeView.swift; sourceTree = "<group>"; };
		8D88CB39B9C07FFADA14AEB7 /* DataHelpers.swift */ = {isa = PBXFileReference; lastKnownFileType = sourcecode.swift; path = DataHelpers.swift; sourceTree = "<group>"; };
		8DFD2A7B5BE54C32F73CC85C /* CustomInsetGroupedList.swift */ = {isa = PBXFileReference; lastKnownFileType = sourcecode.swift; path = CustomInsetGroupedList.swift; sourceTree = "<group>"; };
		945491E0C628260C23C920A6 /* EnergyPriceGraph.swift */ = {isa = PBXFileReference; lastKnownFileType = sourcecode.swift; path = EnergyPriceGraph.swift; sourceTree = "<group>"; };
		998A076F82C5C0EEB558B234 /* NumberField.swift */ = {isa = PBXFileReference; lastKnownFileType = sourcecode.swift; path = NumberField.swift; sourceTree = "<group>"; };
		9BBD8C9486843F4902DDAF4A /* BackendCommunicator.swift */ = {isa = PBXFileReference; lastKnownFileType = sourcecode.swift; path = BackendCommunicator.swift; sourceTree = "<group>"; };
		9D66A9967CD49E255E8312D9 /* ContentView.swift */ = {isa = PBXFileReference; lastKnownFileType = sourcecode.swift; path = ContentView.swift; sourceTree = "<group>"; };
		A20D640B9169A88638A21AE4 /* NetworkManager.swift */ = {isa = PBXFileReference; lastKnownFileType = sourcecode.swift; path = NetworkManager.swift; sourceTree = "<group>"; };
		A42169F5044BEC2B29046CD4 /* DownloadData.swift */ = {isa = PBXFileReference; lastKnownFileType = sourcecode.swift; path = DownloadData.swift; sourceTree = "<group>"; };
		A509CC3FEF3DD846C8C49CD8 /* SplashScreenFeaturesAndConsent.swift */ = {isa = PBXFileReference; lastKnownFileType = sourcecode.swift; path = SplashScreenFeaturesAndConsent.swift; sourceTree = "<group>"; };
		A65252CBA1C16A261E6C9A70 /* Shapes.swift */ = {isa = PBXFileReference; lastKnownFileType = sourcecode.swift; path = Shapes.swift; sourceTree = "<group>"; };
		A6AE0BF63AE2396140EFC8DC /* PriceDropsBelowValueNotificationView.swift */ = {isa = PBXFileReference; lastKnownFileType = sourcecode.swift; path = PriceDropsBelowValueNotificationView.swift; sourceTree = "<group>"; };
		A88B8DDEB9B0E130AA7DC2B8 /* DataDownloadAndError.swift */ = {isa = PBXFileReference; lastKnownFileType = sourcecode.swift; path = DataDownloadAndError.swift; sourceTree = "<group>"; };
		AC2856A8AFADD794416A640C /* Info.plist */ = {isa = PBXFileReference; lastKnownFileType = text.plist; path = Info.plist; sourceTree = "<group>"; };
		AC5C7F6D52BD69D3050CDAF4 /* PowerInputField.swift */ = {isa = PBXFileReference; lastKnownFileType = sourcecode.swift; path = PowerInputField.swift; sourceTree = "<group>"; };
		B4246C9D7E364A2A24FB1777 /* AppDelegate.swift */ = {isa = PBXFileReference; lastKnownFileType = sourcecode.swift; path = AppDelegate.swift; sourceTree = "<group>"; };
		B7D5F01F36962D77A62B0829 /* BarText.swift */ = {isa = PBXFileReference; lastKnownFileType = sourcecode.swift; path = BarText.swift; sourceTree = "<group>"; };
		BAC2D1A01905B56E60DB1A34 /* HelpAndSuggestionView.swift */ = {isa = PBXFileReference; lastKnownFileType = sourcecode.swift; path = HelpAndSuggestionView.swift; sourceTree = "<group>"; };
		C7CC4E6438A1FBBDC4F3A83A /* WhatsNewPage.swift */ = {isa = PBXFileReference; lastKnownFileType = sourcecode.swift; path = WhatsNewPage.swift; sourceTree = "<group>"; };
		CC86F9987A19BB3FA4DA1124 /* SF-Compact-Display-Black.otf */ = {isa = PBXFileReference; path = "SF-Compact-Display-Black.otf"; sourceTree = "<group>"; };
		CEA35649337B1DEEFED2B1C3 /* NotificationSettingView.swift */ = {isa = PBXFileReference; lastKnownFileType = sourcecode.swift; path = NotificationSettingView.swift; sourceTree = "<group>"; };
		D00A97299B707F5E8A0BBBCA /* UpdatedDataView.swift */ = {isa = PBXFileReference; lastKnownFileType = sourcecode.swift; path = UpdatedDataView.swift; sourceTree = "<group>"; };
		D0B3CF42152AD59BB2FBC0DE /* Font.swift */ = {isa = PBXFileReference; lastKnownFileType = sourcecode.swift; path = Font.swift; sourceTree = "<group>"; };
		D24AC7F84C8BE6CDA13F17B7 /* CustomDatePicker.swift */ = {isa = PBXFileReference; lastKnownFileType = sourcecode.swift; path = CustomDatePicker.swift; sourceTree = "<group>"; };
		D3B75AA92D858BCE35D93959 /* QueueHelpers.swift */ = {isa = PBXFileReference; lastKnownFileType = sourcecode.swift; path = QueueHelpers.swift; sourceTree = "<group>"; };
		D57E26A2C0F3BCA8BEF98E41 /* HapticFeedbacks.swift */ = {isa = PBXFileReference; lastKnownFileType = sourcecode.swift; path = HapticFeedbacks.swift; sourceTree = "<group>"; };
		D944A9980FCA7DC2392B9194 /* PushNotificationManager.swift */ = {isa = PBXFileReference; lastKnownFileType = sourcecode.swift; path = PushNotificationManager.swift; sourceTree = "<group>"; };
		DF1B1B050541C6B8F2974826 /* LazyNavigationDestination.swift */ = {isa = PBXFileReference; lastKnownFileType = sourcecode.swift; path = LazyNavigationDestination.swift; sourceTree = "<group>"; };
		DFBABA3A836F91521022EEDB /* AgreementSettingView.swift */ = {isa = PBXFileReference; lastKnownFileType = sourcecode.swift; path = AgreementSettingView.swift; sourceTree = "<group>"; };
		E27A0C521421D764FD55AFF5 /* TBItems.swift */ = {isa = PBXFileReference; lastKnownFileType = sourcecode.swift; path = TBItems.swift; sourceTree = "<group>"; };
		F73C03EEC8A6210EA8CADC24 /* InputFieldStyles.swift */ = {isa = PBXFileReference; lastKnownFileType = sourcecode.swift; path = InputFieldStyles.swift; sourceTree = "<group>"; };
		FAF135EF7614FABF7138D122 /* en */ = {isa = PBXFileReference; lastKnownFileType = text.plist.strings; name = en; path = en.lproj/Localizable.strings; sourceTree = "<group>"; };
/* End PBXFileReference section */

/* Begin PBXGroup section */
		0EA308AB8215B8EB3B03E5F1 /* Other */ = {
			isa = PBXGroup;
			children = (
				DFBABA3A836F91521022EEDB /* AgreementSettingView.swift */,
				10F911A5FD36482D26D178E4 /* AppVersionView.swift */,
				2AA5514CCB5C43866114155D /* NotAffiliatedView.swift */,
			);
			path = Other;
			sourceTree = "<group>";
		};
		1442AFAF76FF39836E300CA5 /* SplashScreens */ = {
			isa = PBXGroup;
			children = (
				A509CC3FEF3DD846C8C49CD8 /* SplashScreenFeaturesAndConsent.swift */,
				24A754433E837673FAA73020 /* SplashScreenFinishView.swift */,
				3C7913F753AD1FEA7BD65AF9 /* SplashScreenSetupView.swift */,
				52396EA49284A16B35496857 /* SplashScreenStartView.swift */,
				C7CC4E6438A1FBBDC4F3A83A /* WhatsNewPage.swift */,
			);
			path = SplashScreens;
			sourceTree = "<group>";
		};
		1BA8DB96991CEFB5D9E7A23B /* Energy Price Graph */ = {
			isa = PBXGroup;
			children = (
				945491E0C628260C23C920A6 /* EnergyPriceGraph.swift */,
				A65252CBA1C16A261E6C9A70 /* Shapes.swift */,
				D00A97299B707F5E8A0BBBCA /* UpdatedDataView.swift */,
				545A8B15000041A12A2F502F /* Single Bar */,
			);
			path = "Energy Price Graph";
			sourceTree = "<group>";
		};
		249D0008C06CA7A12911F7E3 /* Push Notification */ = {
			isa = PBXGroup;
			children = (
				152D61CE052F193C7C90197C /* NoNotificationAccessView.swift */,
				CEA35649337B1DEEFED2B1C3 /* NotificationSettingView.swift */,
				A6AE0BF63AE2396140EFC8DC /* PriceDropsBelowValueNotificationView.swift */,
			);
			path = "Push Notification";
			sourceTree = "<group>";
		};
		2B8185C626938374B1CD49E4 /* EasyTimeIntervalPicker */ = {
			isa = PBXGroup;
			children = (
				6FA619B8D5A14F59364C1397 /* EasyIntervalPicker.swift */,
				4CD1F6B5B195039FFEB3EABF /* EasyIntervalPickerRepresentable.swift */,
			);
			path = EasyTimeIntervalPicker;
			sourceTree = "<group>";
		};
		2DD6381B4994655BBBAAAD56 /* Helpers */ = {
			isa = PBXGroup;
			children = (
				8D88CB39B9C07FFADA14AEB7 /* DataHelpers.swift */,
				D3B75AA92D858BCE35D93959 /* QueueHelpers.swift */,
			);
			path = Helpers;
			sourceTree = "<group>";
		};
		2F195B48F732E0D6A2236635 /* Backend Communicator */ = {
			isa = PBXGroup;
			children = (
				9BBD8C9486843F4902DDAF4A /* BackendCommunicator.swift */,
				553587E0178731796385E3AB /* UploadAPNsTokenToServer.swift */,
				E9C33E7C419945CBEF2AA595 /* Download Data */,
			);
			path = "Backend Communicator";
			sourceTree = "<group>";
		};
		38E8DAA0D5B11346286D62C2 /* Input fields */ = {
			isa = PBXGroup;
			children = (
				AC5C7F6D52BD69D3050CDAF4 /* PowerInputField.swift */,
				4BC8B2896D9E947D53237278 /* TimeRangeInputField.swift */,
				3B37C69C8B46934B84D86694 /* TotalConsumptionInputField.swift */,
			);
			path = "Input fields";
			sourceTree = "<group>";
		};
		46AE0D0378DA3D8571CB10E4 /* Data */ = {
			isa = PBXGroup;
			children = (
				B4246C9D7E364A2A24FB1777 /* AppDelegate.swift */,
				2F195B48F732E0D6A2236635 /* Backend Communicator */,
				6950DFDA3017CA699CD890AE /* Cheapest Hour Manager */,
				4C97344A4EEFCA34B236EA05 /* Push Notifications */,
			);
			path = Data;
			sourceTree = "<group>";
		};
		4B01E3B0A4286C104BC51EFA /* Resources */ = {
			isa = PBXGroup;
			children = (
				2C75B85698299C6281666C42 /* Assets.xcassets */,
				546D5FA692CB5FFBAF81B22A /* Launch Screen.storyboard */,
				95BD95FD492B1F960E9F23C4 /* Localizable.strings */,
				5972D0A707104900857937DF /* Fonts */,
			);
			path = Resources;
			sourceTree = "<group>";
		};
		4BBB0F3B49E60388309A1685 /* Products */ = {
			isa = PBXGroup;
			children = (
				4D92DAF6062C9BB0CC3973F3 /* AWattPrice.app */,
			);
			name = Products;
			sourceTree = "<group>";
		};
		4C97344A4EEFCA34B236EA05 /* Push Notifications */ = {
			isa = PBXGroup;
			children = (
				D944A9980FCA7DC2392B9194 /* PushNotificationManager.swift */,
			);
			path = "Push Notifications";
			sourceTree = "<group>";
		};
		545A8B15000041A12A2F502F /* Single Bar */ = {
			isa = PBXGroup;
			children = (
				B7D5F01F36962D77A62B0829 /* BarText.swift */,
				5A138112520325FA93C5DDB2 /* EnergyPriceSingleBar.swift */,
			);
			path = "Single Bar";
			sourceTree = "<group>";
		};
		5972D0A707104900857937DF /* Fonts */ = {
			isa = PBXGroup;
			children = (
				CC86F9987A19BB3FA4DA1124 /* SF-Compact-Display-Black.otf */,
			);
			path = Fonts;
			sourceTree = "<group>";
		};
		69453B76C99C90D852C04AEF /* Configs */ = {
			isa = PBXGroup;
			children = (
				AC2856A8AFADD794416A640C /* Info.plist */,
			);
			path = Configs;
			sourceTree = "<group>";
		};
		6950DFDA3017CA699CD890AE /* Cheapest Hour Manager */ = {
			isa = PBXGroup;
			children = (
				7E38634B2DE4606844EF9BB9 /* CheapestHourManager.swift */,
			);
			path = "Cheapest Hour Manager";
			sourceTree = "<group>";
		};
		710425BB499C9E43C3D7F7D7 /* TabBar */ = {
			isa = PBXGroup;
			children = (
				088962707AA5F5E594723DE3 /* TabBar.swift */,
				E27A0C521421D764FD55AFF5 /* TBItems.swift */,
			);
			path = TabBar;
			sourceTree = "<group>";
		};
		789A2CBD083906073C89FDBE /* Setting Views */ = {
			isa = PBXGroup;
			children = (
				7FC97563BE8F53F7519923FB /* AwattarTariffSelectionSettings.swift */,
				49079CB6504FE359E92C1182 /* RegionAndVatSelection.swift */,
				CB3A2FBF0DBF646E10D763DD /* Help and Suggestion */,
				249D0008C06CA7A12911F7E3 /* Push Notification */,
			);
			path = "Setting Views";
			sourceTree = "<group>";
		};
		8593F88AEA1B8559360B561C /* Main Views */ = {
			isa = PBXGroup;
			children = (
				40196BE4BE0F02564D5E1A62 /* CheapestTimeResultView.swift */,
				8B8D2F0FF1990E8A9B5871BB /* CheapestTimeView.swift */,
				6A44807D7D2FF756E6FD247A /* HomeView.swift */,
				4E107806889A8A12B5082BD9 /* SettingsPageView.swift */,
			);
			path = "Main Views";
			sourceTree = "<group>";
		};
		9939EDF21D55367071AB6811 /* Data Error */ = {
			isa = PBXGroup;
			children = (
				162872662F9E87385840AA84 /* APNSUploadError.swift */,
				A88B8DDEB9B0E130AA7DC2B8 /* DataDownloadAndError.swift */,
			);
			path = "Data Error";
			sourceTree = "<group>";
		};
		9EF13869C1EB439F14DFCB8E /* Preview Content */ = {
			isa = PBXGroup;
			children = (
				680F310E2A0D6CF541CC7847 /* Preview Assets.xcassets */,
			);
			path = "Preview Content";
			sourceTree = "<group>";
		};
		9F3CD26A7BD9992AE1BA052B /* Extensions */ = {
			isa = PBXGroup;
			children = (
				CB68C8D36D844E950121640D /* Custom views  */,
				B1AC444DFDE9ABC4F0BAB72D /* Formatters */,
				2DD6381B4994655BBBAAAD56 /* Helpers */,
				F5A0345088330DAD2E87713A /* Managers */,
				F14CD6B1C2E9F12C29643044 /* Only AWattPrice */,
				EB7E06356F4E0381C7C0C040 /* Other */,
				710425BB499C9E43C3D7F7D7 /* TabBar */,
			);
			path = Extensions;
			sourceTree = "<group>";
		};
		A5E0E07E9E6C00B62BB8BAC6 /* Sub Views */ = {
			isa = PBXGroup;
			children = (
				F32DABB7074F7E889C4E05D1 /* Cheapest Time */,
				9939EDF21D55367071AB6811 /* Data Error */,
				1BA8DB96991CEFB5D9E7A23B /* Energy Price Graph */,
				0EA308AB8215B8EB3B03E5F1 /* Other */,
				789A2CBD083906073C89FDBE /* Setting Views */,
			);
			path = "Sub Views";
			sourceTree = "<group>";
		};
		ABD293301F4A1C96D5C76FCA /* Styles */ = {
			isa = PBXGroup;
			children = (
				29C992CBD129795EAA7B1847 /* ButtonStyles.swift */,
				F73C03EEC8A6210EA8CADC24 /* InputFieldStyles.swift */,
			);
			path = Styles;
			sourceTree = "<group>";
		};
		B1AC444DFDE9ABC4F0BAB72D /* Formatters */ = {
			isa = PBXGroup;
			children = (
				3ADC7D1FB0E9A199FD8745FF /* TotalTimeFormatter.swift */,
				6492A5AA42BB73D2A8FFFEB3 /* UpdateDataTimeFormatter.swift */,
			);
			path = Formatters;
			sourceTree = "<group>";
		};
		CB3A2FBF0DBF646E10D763DD /* Help and Suggestion */ = {
			isa = PBXGroup;
			children = (
				BAC2D1A01905B56E60DB1A34 /* HelpAndSuggestionView.swift */,
				34780AA5748B0492AE1C4A46 /* MailView.swift */,
			);
			path = "Help and Suggestion";
			sourceTree = "<group>";
		};
		CB68C8D36D844E950121640D /* Custom views  */ = {
			isa = PBXGroup;
			children = (
				D24AC7F84C8BE6CDA13F17B7 /* CustomDatePicker.swift */,
				8DFD2A7B5BE54C32F73CC85C /* CustomInsetGroupedList.swift */,
				DF1B1B050541C6B8F2974826 /* LazyNavigationDestination.swift */,
				998A076F82C5C0EEB558B234 /* NumberField.swift */,
				2B8185C626938374B1CD49E4 /* EasyTimeIntervalPicker */,
			);
			path = "Custom views ";
			sourceTree = "<group>";
		};
		D36BB05155E36C95C14AB6B5 /* TabBar */ = {
			isa = PBXGroup;
			children = (
				79309099E33D553BB3C8998D /* TabBar.swift */,
				4604F4CB3FE03D6AB9B12298 /* TBItems.swift */,
			);
			path = TabBar;
			sourceTree = "<group>";
		};
		E18353461A3EAEA81012197F /* AWattPrice */ = {
			isa = PBXGroup;
			children = (
				056D371B3E1CBEA1F4F6988A /* AwattarApp.swift */,
				5E69EEB1FA019DD2F16C2815 /* AWattPriceWidgetExtension.entitlements */,
				9D66A9967CD49E255E8312D9 /* ContentView.swift */,
				69453B76C99C90D852C04AEF /* Configs */,
				46AE0D0378DA3D8571CB10E4 /* Data */,
				9F3CD26A7BD9992AE1BA052B /* Extensions */,
				8593F88AEA1B8559360B561C /* Main Views */,
				9EF13869C1EB439F14DFCB8E /* Preview Content */,
				4B01E3B0A4286C104BC51EFA /* Resources */,
				1442AFAF76FF39836E300CA5 /* SplashScreens */,
				ABD293301F4A1C96D5C76FCA /* Styles */,
				A5E0E07E9E6C00B62BB8BAC6 /* Sub Views */,
				D36BB05155E36C95C14AB6B5 /* TabBar */,
			);
			path = AWattPrice;
			sourceTree = "<group>";
		};
		E9C33E7C419945CBEF2AA595 /* Download Data */ = {
			isa = PBXGroup;
			children = (
				1FACD4090FC5F233142B918D /* DataParser.swift */,
				A42169F5044BEC2B29046CD4 /* DownloadData.swift */,
				731A715F3697FCDD31B5B3B7 /* GetData.swift */,
			);
			path = "Download Data";
			sourceTree = "<group>";
		};
		EB7E06356F4E0381C7C0C040 /* Other */ = {
			isa = PBXGroup;
			children = (
				80361B0F72BA0A494F336AD3 /* Calendar.swift */,
				5BC3418FF7CE4398323F1A4F /* Environment.swift */,
				D0B3CF42152AD59BB2FBC0DE /* Font.swift */,
				1AE038C4F3EADFA03E3A7B5D /* General.swift */,
				D57E26A2C0F3BCA8BEF98E41 /* HapticFeedbacks.swift */,
				62D6A5F24FC105AC566396E7 /* Time.swift */,
			);
			path = Other;
			sourceTree = "<group>";
		};
		F14CD6B1C2E9F12C29643044 /* Only AWattPrice */ = {
			isa = PBXGroup;
			children = (
				11EB6C78BA4C2A8D898B010C /* GeneralAWattPrice.swift */,
			);
			path = "Only AWattPrice";
			sourceTree = "<group>";
		};
		F32DABB7074F7E889C4E05D1 /* Cheapest Time */ = {
			isa = PBXGroup;
			children = (
				585CF2BCDFC2FE2C878B161B /* CheapestTimeClockView.swift */,
				38E8DAA0D5B11346286D62C2 /* Input fields */,
			);
			path = "Cheapest Time";
			sourceTree = "<group>";
		};
		F5A0345088330DAD2E87713A /* Managers */ = {
			isa = PBXGroup;
			children = (
				29F39DD657882B60E72DCF87 /* KeyboardObserver.swift */,
				A20D640B9169A88638A21AE4 /* NetworkManager.swift */,
			);
			path = Managers;
			sourceTree = "<group>";
		};
		FED1070106A78573488FD37A = {
			isa = PBXGroup;
			children = (
				E18353461A3EAEA81012197F /* AWattPrice */,
				4BBB0F3B49E60388309A1685 /* Products */,
			);
			sourceTree = "<group>";
		};
/* End PBXGroup section */

/* Begin PBXNativeTarget section */
		F9290196FBFAE745A3E6B2A3 /* AWattPrice */ = {
			isa = PBXNativeTarget;
			buildConfigurationList = 1D71827138F44D0E59EFF688 /* Build configuration list for PBXNativeTarget "AWattPrice" */;
			buildPhases = (
				08A4FC5CA2325B9A0AE182C0 /* Sources */,
				D8780892DE16317DA051C8E0 /* Resources */,
			);
			buildRules = (
			);
			dependencies = (
			);
			name = AWattPrice;
			productName = AWattPrice;
			productReference = 4D92DAF6062C9BB0CC3973F3 /* AWattPrice.app */;
			productType = "com.apple.product-type.application";
		};
/* End PBXNativeTarget section */

/* Begin PBXProject section */
		80976F3A00A5122A760B668F /* Project object */ = {
			isa = PBXProject;
			attributes = {
				LastUpgradeCheck = 1200;
				TargetAttributes = {
					F9290196FBFAE745A3E6B2A3 = {
						DevelopmentTeam = RC32A2AMHF;
					};
				};
			};
			buildConfigurationList = 01093E4A43A780DE6BF5F5D1 /* Build configuration list for PBXProject "AWattPrice" */;
			compatibilityVersion = "Xcode 10.0";
			developmentRegion = en;
			hasScannedForEncodings = 0;
			knownRegions = (
				Base,
				de,
				en,
			);
			mainGroup = FED1070106A78573488FD37A;
			projectDirPath = "";
			projectRoot = "";
			targets = (
				F9290196FBFAE745A3E6B2A3 /* AWattPrice */,
			);
		};
/* End PBXProject section */

/* Begin PBXResourcesBuildPhase section */
		D8780892DE16317DA051C8E0 /* Resources */ = {
			isa = PBXResourcesBuildPhase;
			buildActionMask = 2147483647;
			files = (
				DBA5B1FE42B492B0CB2D8D35 /* Assets.xcassets in Resources */,
				D8CFCC7C18D97EA76DB02E08 /* Launch Screen.storyboard in Resources */,
				59BDBAACA1BB8316305D917B /* Localizable.strings in Resources */,
				84CC210A5A3A8B92D69D66F5 /* Preview Assets.xcassets in Resources */,
				8B85DF3CCCB6CE75508CE969 /* SF-Compact-Display-Black.otf in Resources */,
			);
			runOnlyForDeploymentPostprocessing = 0;
		};
/* End PBXResourcesBuildPhase section */

/* Begin PBXSourcesBuildPhase section */
		08A4FC5CA2325B9A0AE182C0 /* Sources */ = {
			isa = PBXSourcesBuildPhase;
			buildActionMask = 2147483647;
			files = (
				1BEA94ABD7830AAF4D67B470 /* APNSUploadError.swift in Sources */,
				EFD7D5BFD0500E84A6F4D11A /* AgreementSettingView.swift in Sources */,
				FB9E23E59D2823855EBF43BB /* AppDelegate.swift in Sources */,
				BB4B36AC9DE2291CAF14C2F1 /* AppVersionView.swift in Sources */,
				5CBDAD8C989263B3F08B757B /* AwattarApp.swift in Sources */,
				1615E46937C6A2B43C4202D5 /* AwattarTariffSelectionSettings.swift in Sources */,
				28B8BF40CC86A52BC6459EF6 /* BackendCommunicator.swift in Sources */,
				0FC03E87B7F74CC0231FD07B /* BarText.swift in Sources */,
				497DF890610E898CB84844DE /* ButtonStyles.swift in Sources */,
				BC705FE88A1D317CDEC9D66F /* Calendar.swift in Sources */,
				1AC7AD73A9766CCDF615B4FA /* CheapestHourManager.swift in Sources */,
				C709BBE10B4334E78E818E11 /* CheapestTimeClockView.swift in Sources */,
				C6F9A00E5C20FCF5045A951A /* CheapestTimeResultView.swift in Sources */,
				B8F5E5739D865183121DB817 /* CheapestTimeView.swift in Sources */,
				7328D14EAF2E16DF0EE1CBE8 /* ContentView.swift in Sources */,
				AAF42B7BCB9F1643D39680AD /* CustomDatePicker.swift in Sources */,
				8EBA99CD222637158A1F6C94 /* CustomInsetGroupedList.swift in Sources */,
				C4A037452149C5A47026A3D2 /* DataDownloadAndError.swift in Sources */,
				0A34E84DDE077B5B2CDF54D7 /* DataHelpers.swift in Sources */,
				1958A448061776E1FD5109C2 /* DataParser.swift in Sources */,
				B66ECE8E6B1E8FFCA66A9EEE /* DownloadData.swift in Sources */,
				AB1D504EAC92CCA548883CED /* EasyIntervalPicker.swift in Sources */,
				0218434EF5E2274EBFE2556D /* EasyIntervalPickerRepresentable.swift in Sources */,
				44E44E20D02AF5F8E6905FD6 /* EnergyPriceGraph.swift in Sources */,
				269F56E3CA1E1FCEFA94556E /* EnergyPriceSingleBar.swift in Sources */,
				D2E8D60920D0F7C8A9C7432E /* Environment.swift in Sources */,
				342F4994F784AD977F14B867 /* Font.swift in Sources */,
				3EF91106EE3ACC20915B04C3 /* General.swift in Sources */,
				20E5CC30E08DD6FCAA72ACA9 /* GeneralAWattPrice.swift in Sources */,
				59485C67E34F3A635074212A /* GetData.swift in Sources */,
				868A59B9D6FD794FBA33ACDF /* HapticFeedbacks.swift in Sources */,
				6FED3EAEAD320BF8C55D0F38 /* HelpAndSuggestionView.swift in Sources */,
				ED415216071B4710A4D5B859 /* HomeView.swift in Sources */,
				B836D19042FA16E1ACFFE3D9 /* InputFieldStyles.swift in Sources */,
				16ACF4267B88FE0EB8EE7C05 /* KeyboardObserver.swift in Sources */,
				88F5F3CE68316DF6ECEB9338 /* LazyNavigationDestination.swift in Sources */,
				06E926DFA27652D3D467FDE5 /* MailView.swift in Sources */,
				064C9A424327FABE2532BA99 /* NetworkManager.swift in Sources */,
				487B446B784EF4B892827BE3 /* NoNotificationAccessView.swift in Sources */,
				BE877D14BF4AAD45744D5A11 /* NotAffiliatedView.swift in Sources */,
				C8BDF59CCE0485D7121E4182 /* NotificationSettingView.swift in Sources */,
				BD39CC6E9EDE8DF18A77EAD7 /* NumberField.swift in Sources */,
				4B22F98273C435BFC83A14F8 /* PowerInputField.swift in Sources */,
				95F986B04C207C30FFAAE088 /* PriceDropsBelowValueNotificationView.swift in Sources */,
				12A05B153847185459E4693F /* PushNotificationManager.swift in Sources */,
				6F055C161E9704D63C692E35 /* QueueHelpers.swift in Sources */,
				A9845651F2D8FC7CD261C29D /* RegionAndVatSelection.swift in Sources */,
				0D33F482AC50693FACECEAE0 /* SettingsPageView.swift in Sources */,
				C1E7DC845AD8E5805E26C041 /* Shapes.swift in Sources */,
				B0D6B686BE1614678645FFA8 /* SplashScreenFeaturesAndConsent.swift in Sources */,
				9FC64C15CCE7271783479418 /* SplashScreenFinishView.swift in Sources */,
				435899A3B4CE50F2571048B7 /* SplashScreenSetupView.swift in Sources */,
				CB4BE2AAE42743F9E7DE998E /* SplashScreenStartView.swift in Sources */,
				F9FC5AA2F4EC7B121A724957 /* TBItems.swift in Sources */,
				FADB83BED1CAE82B14357297 /* TBItems.swift in Sources */,
				4DD307D90246B3E3134D574A /* TabBar.swift in Sources */,
				A3AC8025FB943AFED765E491 /* TabBar.swift in Sources */,
				6A22DA57380BB35CB4CC0DEF /* Time.swift in Sources */,
				7497B7419BB0C89D94152083 /* TimeRangeInputField.swift in Sources */,
				5ABFB04E1A2B0921BC640638 /* TotalConsumptionInputField.swift in Sources */,
				4CDC99107BA8AF8A2593C832 /* TotalTimeFormatter.swift in Sources */,
				9477262705556C15DC8E9A14 /* UpdateDataTimeFormatter.swift in Sources */,
				9B0D883D54EF929E31A49719 /* UpdatedDataView.swift in Sources */,
				1BC06F48E289F34CB7E41A4C /* UploadAPNsTokenToServer.swift in Sources */,
				4DB82BBA7166EFA05B8D40B5 /* WhatsNewPage.swift in Sources */,
			);
			runOnlyForDeploymentPostprocessing = 0;
		};
/* End PBXSourcesBuildPhase section */

/* Begin PBXVariantGroup section */
		95BD95FD492B1F960E9F23C4 /* Localizable.strings */ = {
			isa = PBXVariantGroup;
			children = (
				52A4CD1362317193ABA4A25D /* de */,
				FAF135EF7614FABF7138D122 /* en */,
			);
			name = Localizable.strings;
			sourceTree = "<group>";
		};
/* End PBXVariantGroup section */

/* Begin XCBuildConfiguration section */
		1940076797B78EB8EE74ED62 /* ReleaseStaging */ = {
			isa = XCBuildConfiguration;
			buildSettings = {
				ALWAYS_SEARCH_USER_PATHS = NO;
				CLANG_ANALYZER_NONNULL = YES;
				CLANG_ANALYZER_NUMBER_OBJECT_CONVERSION = YES_AGGRESSIVE;
				CLANG_CXX_LANGUAGE_STANDARD = "gnu++14";
				CLANG_CXX_LIBRARY = "libc++";
				CLANG_ENABLE_MODULES = YES;
				CLANG_ENABLE_OBJC_ARC = YES;
				CLANG_ENABLE_OBJC_WEAK = YES;
				CLANG_WARN_BLOCK_CAPTURE_AUTORELEASING = YES;
				CLANG_WARN_BOOL_CONVERSION = YES;
				CLANG_WARN_COMMA = YES;
				CLANG_WARN_CONSTANT_CONVERSION = YES;
				CLANG_WARN_DEPRECATED_OBJC_IMPLEMENTATIONS = YES;
				CLANG_WARN_DIRECT_OBJC_ISA_USAGE = YES_ERROR;
				CLANG_WARN_DOCUMENTATION_COMMENTS = YES;
				CLANG_WARN_EMPTY_BODY = YES;
				CLANG_WARN_ENUM_CONVERSION = YES;
				CLANG_WARN_INFINITE_RECURSION = YES;
				CLANG_WARN_INT_CONVERSION = YES;
				CLANG_WARN_NON_LITERAL_NULL_CONVERSION = YES;
				CLANG_WARN_OBJC_IMPLICIT_RETAIN_SELF = YES;
				CLANG_WARN_OBJC_LITERAL_CONVERSION = YES;
				CLANG_WARN_OBJC_ROOT_CLASS = YES_ERROR;
				CLANG_WARN_QUOTED_INCLUDE_IN_FRAMEWORK_HEADER = YES;
				CLANG_WARN_RANGE_LOOP_ANALYSIS = YES;
				CLANG_WARN_STRICT_PROTOTYPES = YES;
				CLANG_WARN_SUSPICIOUS_MOVE = YES;
				CLANG_WARN_UNGUARDED_AVAILABILITY = YES_AGGRESSIVE;
				CLANG_WARN_UNREACHABLE_CODE = YES;
				CLANG_WARN__DUPLICATE_METHOD_MATCH = YES;
				COPY_PHASE_STRIP = NO;
				DEBUG_INFORMATION_FORMAT = "dwarf-with-dsym";
				DEVELOPMENT_TEAM = RC32A2AMHF;
				ENABLE_NS_ASSERTIONS = NO;
				ENABLE_STRICT_OBJC_MSGSEND = YES;
				GCC_C_LANGUAGE_STANDARD = gnu11;
				GCC_NO_COMMON_BLOCKS = YES;
				GCC_WARN_64_TO_32_BIT_CONVERSION = YES;
				GCC_WARN_ABOUT_RETURN_TYPE = YES_ERROR;
				GCC_WARN_UNDECLARED_SELECTOR = YES;
				GCC_WARN_UNINITIALIZED_AUTOS = YES_AGGRESSIVE;
				GCC_WARN_UNUSED_FUNCTION = YES;
				GCC_WARN_UNUSED_VARIABLE = YES;
				MTL_ENABLE_DEBUG_INFO = NO;
				MTL_FAST_MATH = YES;
				PRODUCT_NAME = "$(TARGET_NAME)";
				SDKROOT = iphoneos;
				SWIFT_COMPILATION_MODE = wholemodule;
				SWIFT_OPTIMIZATION_LEVEL = "-O";
				SWIFT_VERSION = 5.0;
			};
			name = ReleaseStaging;
		};
		250A420CB261B53B6FA974C4 /* DebugProduction */ = {
			isa = XCBuildConfiguration;
			buildSettings = {
				ASSETCATALOG_COMPILER_APPICON_NAME = AppIcon;
				CODE_SIGN_IDENTITY = "Apple Development";
				INFOPLIST_FILE = AWattPrice/Configs/Info.plist;
				LD_RUNPATH_SEARCH_PATHS = (
					"$(inherited)",
					"@executable_path/Frameworks",
				);
				PRODUCT_BUNDLE_IDENTIFIER = me.space8.AWattPrice;
				PROVISIONING_PROFILE_SPECIFIER = "match Development me.space8.AWattPrice";
				SDKROOT = iphoneos;
				TARGETED_DEVICE_FAMILY = "1,2";
			};
			name = DebugProduction;
		};
		27D2BCCDC6DC22C10F953A72 /* ReleaseStaging */ = {
			isa = XCBuildConfiguration;
			buildSettings = {
				ASSETCATALOG_COMPILER_APPICON_NAME = AppIcon;
				CODE_SIGN_IDENTITY = "Apple Distribution";
				INFOPLIST_FILE = AWattPrice/Configs/Info.plist;
				LD_RUNPATH_SEARCH_PATHS = (
					"$(inherited)",
					"@executable_path/Frameworks",
				);
				PRODUCT_BUNDLE_IDENTIFIER = me.space8.AWattPrice.staging;
				PROVISIONING_PROFILE_SPECIFIER = "match AppStore me.space8.AWattPrice.staging";
				SDKROOT = iphoneos;
				TARGETED_DEVICE_FAMILY = "1,2";
			};
			name = ReleaseStaging;
		};
		5E7BA84A7F1C5B03BF518C6F /* DebugStaging */ = {
			isa = XCBuildConfiguration;
			buildSettings = {
				ASSETCATALOG_COMPILER_APPICON_NAME = AppIcon;
				CODE_SIGN_IDENTITY = "Apple Development";
				INFOPLIST_FILE = AWattPrice/Configs/Info.plist;
				LD_RUNPATH_SEARCH_PATHS = (
					"$(inherited)",
					"@executable_path/Frameworks",
				);
				PRODUCT_BUNDLE_IDENTIFIER = me.space8.AWattPrice.staging;
				PROVISIONING_PROFILE_SPECIFIER = "match Development me.space8.AWattPrice.staging";
				SDKROOT = iphoneos;
				TARGETED_DEVICE_FAMILY = "1,2";
			};
			name = DebugStaging;
		};
		61966744769DD7AC4A669117 /* ReleaseProduction */ = {
			isa = XCBuildConfiguration;
			buildSettings = {
				ASSETCATALOG_COMPILER_APPICON_NAME = AppIcon;
				CODE_SIGN_IDENTITY = "Apple Distribution";
				INFOPLIST_FILE = AWattPrice/Configs/Info.plist;
				LD_RUNPATH_SEARCH_PATHS = (
					"$(inherited)",
					"@executable_path/Frameworks",
				);
				PRODUCT_BUNDLE_IDENTIFIER = me.space8.AWattPrice;
				PROVISIONING_PROFILE_SPECIFIER = "match AppStore me.space8.AWattPrice";
				SDKROOT = iphoneos;
				TARGETED_DEVICE_FAMILY = "1,2";
			};
			name = ReleaseProduction;
		};
		61D61E025C9FDE9EA018F255 /* DebugProduction */ = {
			isa = XCBuildConfiguration;
			buildSettings = {
				ALWAYS_SEARCH_USER_PATHS = NO;
				CLANG_ANALYZER_NONNULL = YES;
				CLANG_ANALYZER_NUMBER_OBJECT_CONVERSION = YES_AGGRESSIVE;
				CLANG_CXX_LANGUAGE_STANDARD = "gnu++14";
				CLANG_CXX_LIBRARY = "libc++";
				CLANG_ENABLE_MODULES = YES;
				CLANG_ENABLE_OBJC_ARC = YES;
				CLANG_ENABLE_OBJC_WEAK = YES;
				CLANG_WARN_BLOCK_CAPTURE_AUTORELEASING = YES;
				CLANG_WARN_BOOL_CONVERSION = YES;
				CLANG_WARN_COMMA = YES;
				CLANG_WARN_CONSTANT_CONVERSION = YES;
				CLANG_WARN_DEPRECATED_OBJC_IMPLEMENTATIONS = YES;
				CLANG_WARN_DIRECT_OBJC_ISA_USAGE = YES_ERROR;
				CLANG_WARN_DOCUMENTATION_COMMENTS = YES;
				CLANG_WARN_EMPTY_BODY = YES;
				CLANG_WARN_ENUM_CONVERSION = YES;
				CLANG_WARN_INFINITE_RECURSION = YES;
				CLANG_WARN_INT_CONVERSION = YES;
				CLANG_WARN_NON_LITERAL_NULL_CONVERSION = YES;
				CLANG_WARN_OBJC_IMPLICIT_RETAIN_SELF = YES;
				CLANG_WARN_OBJC_LITERAL_CONVERSION = YES;
				CLANG_WARN_OBJC_ROOT_CLASS = YES_ERROR;
				CLANG_WARN_QUOTED_INCLUDE_IN_FRAMEWORK_HEADER = YES;
				CLANG_WARN_RANGE_LOOP_ANALYSIS = YES;
				CLANG_WARN_STRICT_PROTOTYPES = YES;
				CLANG_WARN_SUSPICIOUS_MOVE = YES;
				CLANG_WARN_UNGUARDED_AVAILABILITY = YES_AGGRESSIVE;
				CLANG_WARN_UNREACHABLE_CODE = YES;
				CLANG_WARN__DUPLICATE_METHOD_MATCH = YES;
				COPY_PHASE_STRIP = NO;
				DEBUG_INFORMATION_FORMAT = dwarf;
				DEVELOPMENT_TEAM = RC32A2AMHF;
				ENABLE_STRICT_OBJC_MSGSEND = YES;
				ENABLE_TESTABILITY = YES;
				GCC_C_LANGUAGE_STANDARD = gnu11;
				GCC_DYNAMIC_NO_PIC = NO;
				GCC_NO_COMMON_BLOCKS = YES;
				GCC_OPTIMIZATION_LEVEL = 0;
				GCC_PREPROCESSOR_DEFINITIONS = (
					"$(inherited)",
					"DEBUG=1",
				);
				GCC_WARN_64_TO_32_BIT_CONVERSION = YES;
				GCC_WARN_ABOUT_RETURN_TYPE = YES_ERROR;
				GCC_WARN_UNDECLARED_SELECTOR = YES;
				GCC_WARN_UNINITIALIZED_AUTOS = YES_AGGRESSIVE;
				GCC_WARN_UNUSED_FUNCTION = YES;
				GCC_WARN_UNUSED_VARIABLE = YES;
				MTL_ENABLE_DEBUG_INFO = INCLUDE_SOURCE;
				MTL_FAST_MATH = YES;
				ONLY_ACTIVE_ARCH = YES;
				PRODUCT_NAME = "$(TARGET_NAME)";
				SDKROOT = iphoneos;
				SWIFT_ACTIVE_COMPILATION_CONDITIONS = DEBUG;
				SWIFT_OPTIMIZATION_LEVEL = "-Onone";
				SWIFT_VERSION = 5.0;
			};
			name = DebugProduction;
		};
		A3A909D4B10829489F184D63 /* ReleaseProduction */ = {
			isa = XCBuildConfiguration;
			buildSettings = {
				ALWAYS_SEARCH_USER_PATHS = NO;
				CLANG_ANALYZER_NONNULL = YES;
				CLANG_ANALYZER_NUMBER_OBJECT_CONVERSION = YES_AGGRESSIVE;
				CLANG_CXX_LANGUAGE_STANDARD = "gnu++14";
				CLANG_CXX_LIBRARY = "libc++";
				CLANG_ENABLE_MODULES = YES;
				CLANG_ENABLE_OBJC_ARC = YES;
				CLANG_ENABLE_OBJC_WEAK = YES;
				CLANG_WARN_BLOCK_CAPTURE_AUTORELEASING = YES;
				CLANG_WARN_BOOL_CONVERSION = YES;
				CLANG_WARN_COMMA = YES;
				CLANG_WARN_CONSTANT_CONVERSION = YES;
				CLANG_WARN_DEPRECATED_OBJC_IMPLEMENTATIONS = YES;
				CLANG_WARN_DIRECT_OBJC_ISA_USAGE = YES_ERROR;
				CLANG_WARN_DOCUMENTATION_COMMENTS = YES;
				CLANG_WARN_EMPTY_BODY = YES;
				CLANG_WARN_ENUM_CONVERSION = YES;
				CLANG_WARN_INFINITE_RECURSION = YES;
				CLANG_WARN_INT_CONVERSION = YES;
				CLANG_WARN_NON_LITERAL_NULL_CONVERSION = YES;
				CLANG_WARN_OBJC_IMPLICIT_RETAIN_SELF = YES;
				CLANG_WARN_OBJC_LITERAL_CONVERSION = YES;
				CLANG_WARN_OBJC_ROOT_CLASS = YES_ERROR;
				CLANG_WARN_QUOTED_INCLUDE_IN_FRAMEWORK_HEADER = YES;
				CLANG_WARN_RANGE_LOOP_ANALYSIS = YES;
				CLANG_WARN_STRICT_PROTOTYPES = YES;
				CLANG_WARN_SUSPICIOUS_MOVE = YES;
				CLANG_WARN_UNGUARDED_AVAILABILITY = YES_AGGRESSIVE;
				CLANG_WARN_UNREACHABLE_CODE = YES;
				CLANG_WARN__DUPLICATE_METHOD_MATCH = YES;
				COPY_PHASE_STRIP = NO;
				DEBUG_INFORMATION_FORMAT = "dwarf-with-dsym";
				DEVELOPMENT_TEAM = RC32A2AMHF;
				ENABLE_NS_ASSERTIONS = NO;
				ENABLE_STRICT_OBJC_MSGSEND = YES;
				GCC_C_LANGUAGE_STANDARD = gnu11;
				GCC_NO_COMMON_BLOCKS = YES;
				GCC_WARN_64_TO_32_BIT_CONVERSION = YES;
				GCC_WARN_ABOUT_RETURN_TYPE = YES_ERROR;
				GCC_WARN_UNDECLARED_SELECTOR = YES;
				GCC_WARN_UNINITIALIZED_AUTOS = YES_AGGRESSIVE;
				GCC_WARN_UNUSED_FUNCTION = YES;
				GCC_WARN_UNUSED_VARIABLE = YES;
				MTL_ENABLE_DEBUG_INFO = NO;
				MTL_FAST_MATH = YES;
				PRODUCT_NAME = "$(TARGET_NAME)";
				SDKROOT = iphoneos;
				SWIFT_COMPILATION_MODE = wholemodule;
				SWIFT_OPTIMIZATION_LEVEL = "-O";
				SWIFT_VERSION = 5.0;
			};
			name = ReleaseProduction;
		};
		A55735696199FE5D71C8ECBC /* DebugStaging */ = {
			isa = XCBuildConfiguration;
			buildSettings = {
				ALWAYS_SEARCH_USER_PATHS = NO;
				CLANG_ANALYZER_NONNULL = YES;
				CLANG_ANALYZER_NUMBER_OBJECT_CONVERSION = YES_AGGRESSIVE;
				CLANG_CXX_LANGUAGE_STANDARD = "gnu++14";
				CLANG_CXX_LIBRARY = "libc++";
				CLANG_ENABLE_MODULES = YES;
				CLANG_ENABLE_OBJC_ARC = YES;
				CLANG_ENABLE_OBJC_WEAK = YES;
				CLANG_WARN_BLOCK_CAPTURE_AUTORELEASING = YES;
				CLANG_WARN_BOOL_CONVERSION = YES;
				CLANG_WARN_COMMA = YES;
				CLANG_WARN_CONSTANT_CONVERSION = YES;
				CLANG_WARN_DEPRECATED_OBJC_IMPLEMENTATIONS = YES;
				CLANG_WARN_DIRECT_OBJC_ISA_USAGE = YES_ERROR;
				CLANG_WARN_DOCUMENTATION_COMMENTS = YES;
				CLANG_WARN_EMPTY_BODY = YES;
				CLANG_WARN_ENUM_CONVERSION = YES;
				CLANG_WARN_INFINITE_RECURSION = YES;
				CLANG_WARN_INT_CONVERSION = YES;
				CLANG_WARN_NON_LITERAL_NULL_CONVERSION = YES;
				CLANG_WARN_OBJC_IMPLICIT_RETAIN_SELF = YES;
				CLANG_WARN_OBJC_LITERAL_CONVERSION = YES;
				CLANG_WARN_OBJC_ROOT_CLASS = YES_ERROR;
				CLANG_WARN_QUOTED_INCLUDE_IN_FRAMEWORK_HEADER = YES;
				CLANG_WARN_RANGE_LOOP_ANALYSIS = YES;
				CLANG_WARN_STRICT_PROTOTYPES = YES;
				CLANG_WARN_SUSPICIOUS_MOVE = YES;
				CLANG_WARN_UNGUARDED_AVAILABILITY = YES_AGGRESSIVE;
				CLANG_WARN_UNREACHABLE_CODE = YES;
				CLANG_WARN__DUPLICATE_METHOD_MATCH = YES;
				COPY_PHASE_STRIP = NO;
				DEBUG_INFORMATION_FORMAT = dwarf;
				DEVELOPMENT_TEAM = RC32A2AMHF;
				ENABLE_STRICT_OBJC_MSGSEND = YES;
				ENABLE_TESTABILITY = YES;
				GCC_C_LANGUAGE_STANDARD = gnu11;
				GCC_DYNAMIC_NO_PIC = NO;
				GCC_NO_COMMON_BLOCKS = YES;
				GCC_OPTIMIZATION_LEVEL = 0;
				GCC_PREPROCESSOR_DEFINITIONS = (
					"$(inherited)",
					"DEBUG=1",
				);
				GCC_WARN_64_TO_32_BIT_CONVERSION = YES;
				GCC_WARN_ABOUT_RETURN_TYPE = YES_ERROR;
				GCC_WARN_UNDECLARED_SELECTOR = YES;
				GCC_WARN_UNINITIALIZED_AUTOS = YES_AGGRESSIVE;
				GCC_WARN_UNUSED_FUNCTION = YES;
				GCC_WARN_UNUSED_VARIABLE = YES;
				MTL_ENABLE_DEBUG_INFO = INCLUDE_SOURCE;
				MTL_FAST_MATH = YES;
				ONLY_ACTIVE_ARCH = YES;
				PRODUCT_NAME = "$(TARGET_NAME)";
				SDKROOT = iphoneos;
				SWIFT_ACTIVE_COMPILATION_CONDITIONS = DEBUG;
				SWIFT_OPTIMIZATION_LEVEL = "-Onone";
				SWIFT_VERSION = 5.0;
			};
			name = DebugStaging;
		};
/* End XCBuildConfiguration section */

/* Begin XCConfigurationList section */
		01093E4A43A780DE6BF5F5D1 /* Build configuration list for PBXProject "AWattPrice" */ = {
			isa = XCConfigurationList;
			buildConfigurations = (
				61D61E025C9FDE9EA018F255 /* DebugProduction */,
				A55735696199FE5D71C8ECBC /* DebugStaging */,
				A3A909D4B10829489F184D63 /* ReleaseProduction */,
				1940076797B78EB8EE74ED62 /* ReleaseStaging */,
			);
			defaultConfigurationIsVisible = 0;
			defaultConfigurationName = DebugStaging;
		};
		1D71827138F44D0E59EFF688 /* Build configuration list for PBXNativeTarget "AWattPrice" */ = {
			isa = XCConfigurationList;
			buildConfigurations = (
				250A420CB261B53B6FA974C4 /* DebugProduction */,
				5E7BA84A7F1C5B03BF518C6F /* DebugStaging */,
				61966744769DD7AC4A669117 /* ReleaseProduction */,
				27D2BCCDC6DC22C10F953A72 /* ReleaseStaging */,
			);
			defaultConfigurationIsVisible = 0;
			defaultConfigurationName = DebugStaging;
		};
/* End XCConfigurationList section */
	};
	rootObject = 80976F3A00A5122A760B668F /* Project object */;
}
